// !$*UTF8*$!
{
	archiveVersion = 1;
	classes = {
	};
	objectVersion = 46;
	objects = {

/* Begin PBXBuildFile section */
		0207DA581B56EA530066E2B4 /* Images.xcassets in Resources */ = {isa = PBXBuildFile; fileRef = 0207DA571B56EA530066E2B4 /* Images.xcassets */; };
		0530ACC7A1914077AD51507D /* AFURLResponseSerialization.m in Sources */ = {isa = PBXBuildFile; fileRef = A3C81BCB3FB142EC8F180AEB /* AFURLResponseSerialization.m */; };
		14B40F0455DB41FDB02FA5FA /* BinaryResponseSerializer.m in Sources */ = {isa = PBXBuildFile; fileRef = 5FF406CAD17C495DAFEF1021 /* BinaryResponseSerializer.m */; };
		1C35AA25E4E24093AEE7E78C /* AppDelegate+BranchSdk.m in Sources */ = {isa = PBXBuildFile; fileRef = 4C64F9D0B7724509B44C03EE /* AppDelegate+BranchSdk.m */; };
		1D3623260D0F684500981E51 /* AppDelegate.m in Sources */ = {isa = PBXBuildFile; fileRef = 1D3623250D0F684500981E51 /* AppDelegate.m */; };
		1D60589B0D05DD56006BFB54 /* main.m in Sources */ = {isa = PBXBuildFile; fileRef = 29B97316FDCFA39411CA2CEA /* main.m */; };
		243B534E83144CB7A785A139 /* AFNetworkReachabilityManager.m in Sources */ = {isa = PBXBuildFile; fileRef = 92C5D65741DD446A810DBAD4 /* AFNetworkReachabilityManager.m */; };
		24AE7C262B214214A9460FBD /* MessageUI.framework in Frameworks */ = {isa = PBXBuildFile; fileRef = 98E197B464344F62B870827C /* MessageUI.framework */; settings = {ATTRIBUTES = (Weak, ); }; };
		252AD5BF5C7D4537BC447FD0 /* SystemConfiguration.framework in Frameworks */ = {isa = PBXBuildFile; fileRef = A26B42F78B2E45519943E20F /* SystemConfiguration.framework */; };
		301BF552109A68D80062928A /* libCordova.a in Frameworks */ = {isa = PBXBuildFile; fileRef = 301BF535109A57CC0062928A /* libCordova.a */; settings = {ATTRIBUTES = (Required, ); }; };
		302D95F114D2391D003F00A1 /* MainViewController.m in Sources */ = {isa = PBXBuildFile; fileRef = 302D95EF14D2391D003F00A1 /* MainViewController.m */; };
		302D95F214D2391D003F00A1 /* MainViewController.xib in Resources */ = {isa = PBXBuildFile; fileRef = 302D95F014D2391D003F00A1 /* MainViewController.xib */; };
		313B5F6A499646FFB75CD773 /* CDVWKProcessPoolFactory.m in Sources */ = {isa = PBXBuildFile; fileRef = D999DF4ED0E9476EA0234DE7 /* CDVWKProcessPoolFactory.m */; };
		3A71860ACE8F46489B5F9CF1 /* SocialSharing.m in Sources */ = {isa = PBXBuildFile; fileRef = ABFEE928F16B4FA6BD892BD7 /* SocialSharing.m */; };
		3D57E35A7DF242F285C5ED86 /* CDVSplashScreen.m in Sources */ = {isa = PBXBuildFile; fileRef = F3ED548215F64B1694E3A3C8 /* CDVSplashScreen.m */; };
		3EE6F6D8E5F9461793CEA147 /* CDVJpegHeaderWriter.m in Sources */ = {isa = PBXBuildFile; fileRef = 925CFC015C4C4F6C93B4CFB0 /* CDVJpegHeaderWriter.m */; };
		422035DEEAC74096988E0F7B /* Social.framework in Frameworks */ = {isa = PBXBuildFile; fileRef = 82BB7C706D3649BEB0FEE335 /* Social.framework */; settings = {ATTRIBUTES = (Weak, ); }; };
		465B7FD3CD054578B0045154 /* CDVFileTransfer.m in Sources */ = {isa = PBXBuildFile; fileRef = 1201246475464DD8A56EB0E4 /* CDVFileTransfer.m */; };
		4D32510D2DEF433CAA5C7D1F /* SDNetworkActivityIndicator.m in Sources */ = {isa = PBXBuildFile; fileRef = 401E3BFE876A49DDBCF55C5A /* SDNetworkActivityIndicator.m */; };
		54EBB926E11C445795B5E8D5 /* TextResponseSerializer.m in Sources */ = {isa = PBXBuildFile; fileRef = F8E76D0DF7754B44B4FEBF5D /* TextResponseSerializer.m */; };
		55CA8BE9FEFF4EC29C2EED19 /* CDVUniqueDeviceID.m in Sources */ = {isa = PBXBuildFile; fileRef = 94FE063A2E324B2088C62181 /* CDVUniqueDeviceID.m */; };
		592E9499B447496DBD8E6FB1 /* WebKit.framework in Frameworks */ = {isa = PBXBuildFile; fileRef = A408004B15D446559899D1BA /* WebKit.framework */; settings = {ATTRIBUTES = (Weak, ); }; };
		5AF266363ACE4986AC1AE0E9 /* BranchSDK.m in Sources */ = {isa = PBXBuildFile; fileRef = C9492695BE5A4FC7894612D0 /* BranchSDK.m */; };
		5C73EF91538D402D951A9689 /* CoreLocation.framework in Frameworks */ = {isa = PBXBuildFile; fileRef = A6DEFF24842A4A69B5809FA5 /* CoreLocation.framework */; };
		5EAF50B8FE734AABA08ADC75 /* TextRequestSerializer.m in Sources */ = {isa = PBXBuildFile; fileRef = ACB315C9FB364DDA95ECBEE7 /* TextRequestSerializer.m */; };
		5FE7E0146C9E4810A6895165 /* CDVDevice.m in Sources */ = {isa = PBXBuildFile; fileRef = 5206DCCB8A704EA7B4C07B0F /* CDVDevice.m */; };
		60BD7F176F864D579A1AD4D6 /* CDVCamera.m in Sources */ = {isa = PBXBuildFile; fileRef = C5B2F0A8CA71413F8CCDFB9E /* CDVCamera.m */; };
		663248CAAA6D4646961182E9 /* BinaryRequestSerializer.m in Sources */ = {isa = PBXBuildFile; fileRef = D54530A32CD549D0BE2D3722 /* BinaryRequestSerializer.m */; };
		6AFF5BF91D6E424B00AB3073 /* CDVLaunchScreen.storyboard in Resources */ = {isa = PBXBuildFile; fileRef = 6AFF5BF81D6E424B00AB3073 /* CDVLaunchScreen.storyboard */; };
		6B17F81416A34462817C62CD /* UIImage+CropScaleOrientation.m in Sources */ = {isa = PBXBuildFile; fileRef = 13ED8C221FE346E2ACFD4D3A /* UIImage+CropScaleOrientation.m */; };
		702DC412E0D3450DA1BA7718 /* AFURLRequestSerialization.m in Sources */ = {isa = PBXBuildFile; fileRef = 2819DF82C7BF4BF6A1DA85C3 /* AFURLRequestSerialization.m */; };
		751375D4C9F84D418B033FDB /* CDVViewController+SplashScreen.m in Sources */ = {isa = PBXBuildFile; fileRef = 1BDD214295FC4FF79ED7BAE9 /* CDVViewController+SplashScreen.m */; };
		78405EDEDB084D8D966F641A /* FacebookConnectPlugin.m in Sources */ = {isa = PBXBuildFile; fileRef = 2D47623A7D734F378B7CF83A /* FacebookConnectPlugin.m */; };
		78D17F79B2674E15AE2C3B90 /* IONAssetHandler.m in Sources */ = {isa = PBXBuildFile; fileRef = 44BFED80936F4A1BAA72878C /* IONAssetHandler.m */; };
		8353E07D4A944FFBAEEA4FEF /* CordovaHttpPlugin.m in Sources */ = {isa = PBXBuildFile; fileRef = 0BE10D33CA224D47BAAEB456 /* CordovaHttpPlugin.m */; };
		9178886E0BEA4501B9B0A473 /* CDVWKWebViewEngine.m in Sources */ = {isa = PBXBuildFile; fileRef = 709A69B511C34D4884A183FB /* CDVWKWebViewEngine.m */; };
		920398537E7B474BAC6F1BB9 /* UICKeyChainStore.m in Sources */ = {isa = PBXBuildFile; fileRef = 2CD5B330BA2C4BFA92C45297 /* UICKeyChainStore.m */; };
		96BFA57B89E34AE9A27550BA /* OneSignalPush.m in Sources */ = {isa = PBXBuildFile; fileRef = F99C055873CE41BCB97D918F /* OneSignalPush.m */; };
		9FD51D39620F4001B8728492 /* NSString+SSURLEncoding.m in Sources */ = {isa = PBXBuildFile; fileRef = 5EF05DB7674144B2BDFDB2FB /* NSString+SSURLEncoding.m */; };
		A0CF78438C4B47E29D907454 /* FilePicker.m in Sources */ = {isa = PBXBuildFile; fileRef = AA17FE73A5FB4CD981C031B1 /* FilePicker.m */; };
		B5E19487A9114F77A94A4648 /* AFURLSessionManager.m in Sources */ = {isa = PBXBuildFile; fileRef = 3C45C34E04114C34B755BB61 /* AFURLSessionManager.m */; };
		B676324CE6C24D8DA8C41070 /* Security.framework in Frameworks */ = {isa = PBXBuildFile; fileRef = D2366592D98D4197A0359C90 /* Security.framework */; };
		BD174673BC724284B196A882 /* CDVAssetLibraryFilesystem.m in Sources */ = {isa = PBXBuildFile; fileRef = 0D22B1F0FE7E43F5B7D5BB31 /* CDVAssetLibraryFilesystem.m */; };
		C9C6A6E950D84C3FACFCEF20 /* CDVWKWebViewUIDelegate.m in Sources */ = {isa = PBXBuildFile; fileRef = 147A6078985045E5889DDEBB /* CDVWKWebViewUIDelegate.m */; };
		CDCB58BF87324718A3F2BF7C /* AFSecurityPolicy.m in Sources */ = {isa = PBXBuildFile; fileRef = D6E02D94CB5D4789B967516A /* AFSecurityPolicy.m */; };
		DA5605FF7D5F37CAF3F246B9 /* Pods_Artform_platform.framework in Frameworks */ = {isa = PBXBuildFile; fileRef = 03DD4A278DE609BDF54B005A /* Pods_Artform_platform.framework */; };
		E2C8EF67222248128EA3ED83 /* AFHTTPSessionManager.m in Sources */ = {isa = PBXBuildFile; fileRef = DC62DA0CE5724A9C80392AC4 /* AFHTTPSessionManager.m */; };
		EB342D8C4F5D413981F20F7A /* AVFoundation.framework in Frameworks */ = {isa = PBXBuildFile; fileRef = 1C01F5E2FC584B45982B4D2F /* AVFoundation.framework */; };
		F187303F362646A6BFC75182 /* CDVLocalFilesystem.m in Sources */ = {isa = PBXBuildFile; fileRef = A6520AD756194AB8B1DD71C1 /* CDVLocalFilesystem.m */; };
		F3118C581EEA447487D40C8D /* ImageIO.framework in Frameworks */ = {isa = PBXBuildFile; fileRef = AD8551A405D14392B24B30FE /* ImageIO.framework */; settings = {ATTRIBUTES = (Weak, ); }; };
		F46623BA17CE43DAB7A4E60D /* CDVFile.m in Sources */ = {isa = PBXBuildFile; fileRef = 3DD8955A63BE443D9400FDEB /* CDVFile.m */; };
/* End PBXBuildFile section */

/* Begin PBXContainerItemProxy section */
		301BF534109A57CC0062928A /* PBXContainerItemProxy */ = {
			isa = PBXContainerItemProxy;
			containerPortal = 301BF52D109A57CC0062928A /* CordovaLib.xcodeproj */;
			proxyType = 2;
			remoteGlobalIDString = D2AAC07E0554694100DB518D;
			remoteInfo = CordovaLib;
		};
		301BF550109A68C00062928A /* PBXContainerItemProxy */ = {
			isa = PBXContainerItemProxy;
			containerPortal = 301BF52D109A57CC0062928A /* CordovaLib.xcodeproj */;
			proxyType = 1;
			remoteGlobalIDString = D2AAC07D0554694100DB518D;
			remoteInfo = CordovaLib;
		};
		907D8123214C687600058A10 /* PBXContainerItemProxy */ = {
			isa = PBXContainerItemProxy;
			containerPortal = 301BF52D109A57CC0062928A /* CordovaLib.xcodeproj */;
			proxyType = 2;
			remoteGlobalIDString = C0C01EB21E3911D50056E6CB;
			remoteInfo = Cordova;
		};
/* End PBXContainerItemProxy section */

/* Begin PBXFileReference section */
		0207DA571B56EA530066E2B4 /* Images.xcassets */ = {isa = PBXFileReference; lastKnownFileType = folder.assetcatalog; name = Images.xcassets; path = "Artform platform/Images.xcassets"; sourceTree = SOURCE_ROOT; };
		03DD4A278DE609BDF54B005A /* Pods_Artform_platform.framework */ = {isa = PBXFileReference; explicitFileType = wrapper.framework; includeInIndex = 0; path = Pods_Artform_platform.framework; sourceTree = BUILT_PRODUCTS_DIR; };
		086845EEAA4548809E21CC5D /* CDVLocalFilesystem.h */ = {isa = PBXFileReference; explicitFileType = undefined; fileEncoding = 4; includeInIndex = 0; lastKnownFileType = sourcecode.c.h; name = CDVLocalFilesystem.h; path = "cordova-plugin-file/CDVLocalFilesystem.h"; sourceTree = "<group>"; };
		0A984C947ACB487194ADE8C5 /* CDVUniqueDeviceID.h */ = {isa = PBXFileReference; explicitFileType = undefined; fileEncoding = 4; includeInIndex = 0; lastKnownFileType = sourcecode.c.h; name = CDVUniqueDeviceID.h; path = "cordova-plugin-uniquedeviceid/CDVUniqueDeviceID.h"; sourceTree = "<group>"; };
		0BE10D33CA224D47BAAEB456 /* CordovaHttpPlugin.m */ = {isa = PBXFileReference; explicitFileType = undefined; fileEncoding = 4; includeInIndex = 0; lastKnownFileType = sourcecode.c.objc; name = CordovaHttpPlugin.m; path = "cordova-plugin-advanced-http/CordovaHttpPlugin.m"; sourceTree = "<group>"; };
		0D22B1F0FE7E43F5B7D5BB31 /* CDVAssetLibraryFilesystem.m */ = {isa = PBXFileReference; explicitFileType = undefined; fileEncoding = 4; includeInIndex = 0; lastKnownFileType = sourcecode.c.objc; name = CDVAssetLibraryFilesystem.m; path = "cordova-plugin-file/CDVAssetLibraryFilesystem.m"; sourceTree = "<group>"; };
		0EB190F76C7F48F18B817749 /* CordovaHttpPlugin.h */ = {isa = PBXFileReference; explicitFileType = undefined; fileEncoding = 4; includeInIndex = 0; lastKnownFileType = sourcecode.c.h; name = CordovaHttpPlugin.h; path = "cordova-plugin-advanced-http/CordovaHttpPlugin.h"; sourceTree = "<group>"; };
		10518E3864144E329CBC3C82 /* FacebookConnectPlugin.h */ = {isa = PBXFileReference; explicitFileType = undefined; fileEncoding = 4; includeInIndex = 0; lastKnownFileType = sourcecode.c.h; name = FacebookConnectPlugin.h; path = "cordova-plugin-facebook4/FacebookConnectPlugin.h"; sourceTree = "<group>"; };
		1066B810549D726C9B6CBFE4 /* Pods-Artform platform.debug.xcconfig */ = {isa = PBXFileReference; includeInIndex = 1; lastKnownFileType = text.xcconfig; name = "Pods-Artform platform.debug.xcconfig"; path = "Target Support Files/Pods-Artform platform/Pods-Artform platform.debug.xcconfig"; sourceTree = "<group>"; };
		1201246475464DD8A56EB0E4 /* CDVFileTransfer.m */ = {isa = PBXFileReference; explicitFileType = undefined; fileEncoding = 4; includeInIndex = 0; lastKnownFileType = sourcecode.c.objc; name = CDVFileTransfer.m; path = "cordova-plugin-file-transfer/CDVFileTransfer.m"; sourceTree = "<group>"; };
		13ED8C221FE346E2ACFD4D3A /* UIImage+CropScaleOrientation.m */ = {isa = PBXFileReference; explicitFileType = undefined; fileEncoding = 4; includeInIndex = 0; lastKnownFileType = sourcecode.c.objc; name = "UIImage+CropScaleOrientation.m"; path = "cordova-plugin-camera/UIImage+CropScaleOrientation.m"; sourceTree = "<group>"; };
		147A6078985045E5889DDEBB /* CDVWKWebViewUIDelegate.m */ = {isa = PBXFileReference; explicitFileType = undefined; fileEncoding = 4; includeInIndex = 0; lastKnownFileType = sourcecode.c.objc; name = CDVWKWebViewUIDelegate.m; path = "cordova-plugin-ionic-webview/CDVWKWebViewUIDelegate.m"; sourceTree = "<group>"; };
		18B20ACFDD124C5991E603EE /* CDVAssetLibraryFilesystem.h */ = {isa = PBXFileReference; explicitFileType = undefined; fileEncoding = 4; includeInIndex = 0; lastKnownFileType = sourcecode.c.h; name = CDVAssetLibraryFilesystem.h; path = "cordova-plugin-file/CDVAssetLibraryFilesystem.h"; sourceTree = "<group>"; };
		1BDD214295FC4FF79ED7BAE9 /* CDVViewController+SplashScreen.m */ = {isa = PBXFileReference; explicitFileType = undefined; fileEncoding = 4; includeInIndex = 0; lastKnownFileType = sourcecode.c.objc; name = "CDVViewController+SplashScreen.m"; path = "cordova-plugin-splashscreen/CDVViewController+SplashScreen.m"; sourceTree = "<group>"; };
		1C01F5E2FC584B45982B4D2F /* AVFoundation.framework */ = {isa = PBXFileReference; explicitFileType = undefined; fileEncoding = 9; includeInIndex = 0; lastKnownFileType = wrapper.framework; name = AVFoundation.framework; path = System/Library/Frameworks/AVFoundation.framework; sourceTree = SDKROOT; };
		1D3623240D0F684500981E51 /* AppDelegate.h */ = {isa = PBXFileReference; fileEncoding = 4; lastKnownFileType = sourcecode.c.h; path = AppDelegate.h; sourceTree = "<group>"; };
		1D3623250D0F684500981E51 /* AppDelegate.m */ = {isa = PBXFileReference; fileEncoding = 4; lastKnownFileType = sourcecode.c.objc; path = AppDelegate.m; sourceTree = "<group>"; };
		1D6058910D05DD3D006BFB54 /* Artform platform.app */ = {isa = PBXFileReference; explicitFileType = wrapper.application; includeInIndex = 0; path = "Artform platform.app"; sourceTree = BUILT_PRODUCTS_DIR; };
		21885B232819443FA1A3F4AC /* TextRequestSerializer.h */ = {isa = PBXFileReference; explicitFileType = undefined; fileEncoding = 4; includeInIndex = 0; lastKnownFileType = sourcecode.c.h; name = TextRequestSerializer.h; path = "cordova-plugin-advanced-http/TextRequestSerializer.h"; sourceTree = "<group>"; };
		2819DF82C7BF4BF6A1DA85C3 /* AFURLRequestSerialization.m */ = {isa = PBXFileReference; explicitFileType = undefined; fileEncoding = 4; includeInIndex = 0; lastKnownFileType = sourcecode.c.objc; name = AFURLRequestSerialization.m; path = "cordova-plugin-advanced-http/AFURLRequestSerialization.m"; sourceTree = "<group>"; };
		29B97316FDCFA39411CA2CEA /* main.m */ = {isa = PBXFileReference; fileEncoding = 4; lastKnownFileType = sourcecode.c.objc; path = main.m; sourceTree = "<group>"; };
		2CD5B330BA2C4BFA92C45297 /* UICKeyChainStore.m */ = {isa = PBXFileReference; explicitFileType = undefined; fileEncoding = 4; includeInIndex = 0; lastKnownFileType = sourcecode.c.objc; name = UICKeyChainStore.m; path = "cordova-plugin-uniquedeviceid/UICKeyChainStore.m"; sourceTree = "<group>"; };
		2D47623A7D734F378B7CF83A /* FacebookConnectPlugin.m */ = {isa = PBXFileReference; explicitFileType = undefined; fileEncoding = 4; includeInIndex = 0; lastKnownFileType = sourcecode.c.objc; name = FacebookConnectPlugin.m; path = "cordova-plugin-facebook4/FacebookConnectPlugin.m"; sourceTree = "<group>"; };
		301BF52D109A57CC0062928A /* CordovaLib.xcodeproj */ = {isa = PBXFileReference; lastKnownFileType = "wrapper.pb-project"; name = CordovaLib.xcodeproj; path = CordovaLib/CordovaLib.xcodeproj; sourceTree = "<group>"; };
		301BF56E109A69640062928A /* www */ = {isa = PBXFileReference; lastKnownFileType = folder; path = www; sourceTree = SOURCE_ROOT; };
		302D95EE14D2391D003F00A1 /* MainViewController.h */ = {isa = PBXFileReference; fileEncoding = 4; lastKnownFileType = sourcecode.c.h; path = MainViewController.h; sourceTree = "<group>"; };
		302D95EF14D2391D003F00A1 /* MainViewController.m */ = {isa = PBXFileReference; fileEncoding = 4; lastKnownFileType = sourcecode.c.objc; path = MainViewController.m; sourceTree = "<group>"; };
		302D95F014D2391D003F00A1 /* MainViewController.xib */ = {isa = PBXFileReference; fileEncoding = 4; lastKnownFileType = file.xib; path = MainViewController.xib; sourceTree = "<group>"; };
		3047A50F1AB8059700498E2A /* build-debug.xcconfig */ = {isa = PBXFileReference; fileEncoding = 4; lastKnownFileType = text.xcconfig; name = "build-debug.xcconfig"; path = "cordova/build-debug.xcconfig"; sourceTree = SOURCE_ROOT; };
		3047A5101AB8059700498E2A /* build-release.xcconfig */ = {isa = PBXFileReference; fileEncoding = 4; lastKnownFileType = text.xcconfig; name = "build-release.xcconfig"; path = "cordova/build-release.xcconfig"; sourceTree = SOURCE_ROOT; };
		3047A5111AB8059700498E2A /* build.xcconfig */ = {isa = PBXFileReference; fileEncoding = 4; lastKnownFileType = text.xcconfig; name = build.xcconfig; path = cordova/build.xcconfig; sourceTree = SOURCE_ROOT; };
		31B59877EE374D48A0A7A6C9 /* CDVFile.h */ = {isa = PBXFileReference; explicitFileType = undefined; fileEncoding = 4; includeInIndex = 0; lastKnownFileType = sourcecode.c.h; name = CDVFile.h; path = "cordova-plugin-file/CDVFile.h"; sourceTree = "<group>"; };
		32CA4F630368D1EE00C91783 /* Artform platform-Prefix.pch */ = {isa = PBXFileReference; fileEncoding = 4; lastKnownFileType = sourcecode.c.h; path = "Artform platform-Prefix.pch"; sourceTree = "<group>"; };
		399D4A29B68D418FA9F0C837 /* UICKeyChainStore.h */ = {isa = PBXFileReference; explicitFileType = undefined; fileEncoding = 4; includeInIndex = 0; lastKnownFileType = sourcecode.c.h; name = UICKeyChainStore.h; path = "cordova-plugin-uniquedeviceid/UICKeyChainStore.h"; sourceTree = "<group>"; };
		3C45C34E04114C34B755BB61 /* AFURLSessionManager.m */ = {isa = PBXFileReference; explicitFileType = undefined; fileEncoding = 4; includeInIndex = 0; lastKnownFileType = sourcecode.c.objc; name = AFURLSessionManager.m; path = "cordova-plugin-advanced-http/AFURLSessionManager.m"; sourceTree = "<group>"; };
		3DD8955A63BE443D9400FDEB /* CDVFile.m */ = {isa = PBXFileReference; explicitFileType = undefined; fileEncoding = 4; includeInIndex = 0; lastKnownFileType = sourcecode.c.objc; name = CDVFile.m; path = "cordova-plugin-file/CDVFile.m"; sourceTree = "<group>"; };
		3F2B6FEE7B284324892740F6 /* CDVDevice.h */ = {isa = PBXFileReference; explicitFileType = undefined; fileEncoding = 4; includeInIndex = 0; lastKnownFileType = sourcecode.c.h; name = CDVDevice.h; path = "cordova-plugin-device/CDVDevice.h"; sourceTree = "<group>"; };
		401E3BFE876A49DDBCF55C5A /* SDNetworkActivityIndicator.m */ = {isa = PBXFileReference; explicitFileType = undefined; fileEncoding = 4; includeInIndex = 0; lastKnownFileType = sourcecode.c.objc; name = SDNetworkActivityIndicator.m; path = "cordova-plugin-advanced-http/SDNetworkActivityIndicator.m"; sourceTree = "<group>"; };
		4247394619D545C9A5497D72 /* BinaryResponseSerializer.h */ = {isa = PBXFileReference; explicitFileType = undefined; fileEncoding = 4; includeInIndex = 0; lastKnownFileType = sourcecode.c.h; name = BinaryResponseSerializer.h; path = "cordova-plugin-advanced-http/BinaryResponseSerializer.h"; sourceTree = "<group>"; };
		44BFED80936F4A1BAA72878C /* IONAssetHandler.m */ = {isa = PBXFileReference; explicitFileType = undefined; fileEncoding = 4; includeInIndex = 0; lastKnownFileType = sourcecode.c.objc; name = IONAssetHandler.m; path = "cordova-plugin-ionic-webview/IONAssetHandler.m"; sourceTree = "<group>"; };
		48A79179C5B64662ACFC0E58 /* CDVWKProcessPoolFactory.h */ = {isa = PBXFileReference; explicitFileType = undefined; fileEncoding = 4; includeInIndex = 0; lastKnownFileType = sourcecode.c.h; name = CDVWKProcessPoolFactory.h; path = "cordova-plugin-ionic-webview/CDVWKProcessPoolFactory.h"; sourceTree = "<group>"; };
		499E45A40CDE4FE3836B3BC2 /* BranchSDK.h */ = {isa = PBXFileReference; explicitFileType = undefined; fileEncoding = 4; includeInIndex = 0; lastKnownFileType = sourcecode.c.h; name = BranchSDK.h; path = "branch-cordova-sdk/BranchSDK.h"; sourceTree = "<group>"; };
		4ACD6575510A4B1DA1862443 /* CDVWKWebViewUIDelegate.h */ = {isa = PBXFileReference; explicitFileType = undefined; fileEncoding = 4; includeInIndex = 0; lastKnownFileType = sourcecode.c.h; name = CDVWKWebViewUIDelegate.h; path = "cordova-plugin-ionic-webview/CDVWKWebViewUIDelegate.h"; sourceTree = "<group>"; };
		4C64F9D0B7724509B44C03EE /* AppDelegate+BranchSdk.m */ = {isa = PBXFileReference; explicitFileType = undefined; fileEncoding = 4; includeInIndex = 0; lastKnownFileType = sourcecode.c.objc; name = "AppDelegate+BranchSdk.m"; path = "branch-cordova-sdk/AppDelegate+BranchSdk.m"; sourceTree = "<group>"; };
		51606962E99742C7BEA25CFE /* BranchNPM.h */ = {isa = PBXFileReference; explicitFileType = undefined; fileEncoding = 4; includeInIndex = 0; lastKnownFileType = sourcecode.c.h; name = BranchNPM.h; path = "branch-cordova-sdk/BranchNPM.h"; sourceTree = "<group>"; };
		51FFB66D4526486A94A4EB05 /* AFURLResponseSerialization.h */ = {isa = PBXFileReference; explicitFileType = undefined; fileEncoding = 4; includeInIndex = 0; lastKnownFileType = sourcecode.c.h; name = AFURLResponseSerialization.h; path = "cordova-plugin-advanced-http/AFURLResponseSerialization.h"; sourceTree = "<group>"; };
		5206DCCB8A704EA7B4C07B0F /* CDVDevice.m */ = {isa = PBXFileReference; explicitFileType = undefined; fileEncoding = 4; includeInIndex = 0; lastKnownFileType = sourcecode.c.objc; name = CDVDevice.m; path = "cordova-plugin-device/CDVDevice.m"; sourceTree = "<group>"; };
		597AD84EF0BC4019B386BFAD /* AFURLRequestSerialization.h */ = {isa = PBXFileReference; explicitFileType = undefined; fileEncoding = 4; includeInIndex = 0; lastKnownFileType = sourcecode.c.h; name = AFURLRequestSerialization.h; path = "cordova-plugin-advanced-http/AFURLRequestSerialization.h"; sourceTree = "<group>"; };
		59E47D4645934C30B0E4C3E0 /* NSString+SSURLEncoding.h */ = {isa = PBXFileReference; explicitFileType = undefined; fileEncoding = 4; includeInIndex = 0; lastKnownFileType = sourcecode.c.h; name = "NSString+SSURLEncoding.h"; path = "cordova-plugin-x-socialsharing/NSString+SSURLEncoding.h"; sourceTree = "<group>"; };
		5B391808AAAC4BA8BEF3B2B6 /* CDVJpegHeaderWriter.h */ = {isa = PBXFileReference; explicitFileType = undefined; fileEncoding = 4; includeInIndex = 0; lastKnownFileType = sourcecode.c.h; name = CDVJpegHeaderWriter.h; path = "cordova-plugin-camera/CDVJpegHeaderWriter.h"; sourceTree = "<group>"; };
		5E5A3E3223E54F0DAD464FAF /* AFHTTPSessionManager.h */ = {isa = PBXFileReference; explicitFileType = undefined; fileEncoding = 4; includeInIndex = 0; lastKnownFileType = sourcecode.c.h; name = AFHTTPSessionManager.h; path = "cordova-plugin-advanced-http/AFHTTPSessionManager.h"; sourceTree = "<group>"; };
		5EF05DB7674144B2BDFDB2FB /* NSString+SSURLEncoding.m */ = {isa = PBXFileReference; explicitFileType = undefined; fileEncoding = 4; includeInIndex = 0; lastKnownFileType = sourcecode.c.objc; name = "NSString+SSURLEncoding.m"; path = "cordova-plugin-x-socialsharing/NSString+SSURLEncoding.m"; sourceTree = "<group>"; };
		5FF406CAD17C495DAFEF1021 /* BinaryResponseSerializer.m */ = {isa = PBXFileReference; explicitFileType = undefined; fileEncoding = 4; includeInIndex = 0; lastKnownFileType = sourcecode.c.objc; name = BinaryResponseSerializer.m; path = "cordova-plugin-advanced-http/BinaryResponseSerializer.m"; sourceTree = "<group>"; };
		6AFF5BF81D6E424B00AB3073 /* CDVLaunchScreen.storyboard */ = {isa = PBXFileReference; fileEncoding = 4; lastKnownFileType = file.storyboard; name = CDVLaunchScreen.storyboard; path = "Artform platform/CDVLaunchScreen.storyboard"; sourceTree = SOURCE_ROOT; };
		709A69B511C34D4884A183FB /* CDVWKWebViewEngine.m */ = {isa = PBXFileReference; explicitFileType = undefined; fileEncoding = 4; includeInIndex = 0; lastKnownFileType = sourcecode.c.objc; name = CDVWKWebViewEngine.m; path = "cordova-plugin-ionic-webview/CDVWKWebViewEngine.m"; sourceTree = "<group>"; };
		74C63810BE014E3EBBF040D8 /* AFSecurityPolicy.h */ = {isa = PBXFileReference; explicitFileType = undefined; fileEncoding = 4; includeInIndex = 0; lastKnownFileType = sourcecode.c.h; name = AFSecurityPolicy.h; path = "cordova-plugin-advanced-http/AFSecurityPolicy.h"; sourceTree = "<group>"; };
		780FFEC7890E4FBF83351E76 /* CDVWKWebViewEngine.h */ = {isa = PBXFileReference; explicitFileType = undefined; fileEncoding = 4; includeInIndex = 0; lastKnownFileType = sourcecode.c.h; name = CDVWKWebViewEngine.h; path = "cordova-plugin-ionic-webview/CDVWKWebViewEngine.h"; sourceTree = "<group>"; };
		7AC29CD241134B6E8D031122 /* CDVViewController+SplashScreen.h */ = {isa = PBXFileReference; explicitFileType = undefined; fileEncoding = 4; includeInIndex = 0; lastKnownFileType = sourcecode.c.h; name = "CDVViewController+SplashScreen.h"; path = "cordova-plugin-splashscreen/CDVViewController+SplashScreen.h"; sourceTree = "<group>"; };
		7BB76F861AB8783DCF9F62FB /* Pods-Artform platform.release.xcconfig */ = {isa = PBXFileReference; includeInIndex = 1; lastKnownFileType = text.xcconfig; name = "Pods-Artform platform.release.xcconfig"; path = "Target Support Files/Pods-Artform platform/Pods-Artform platform.release.xcconfig"; sourceTree = "<group>"; };
		7FEE8B0E7C844FD1ADFB0808 /* SocialSharing.h */ = {isa = PBXFileReference; explicitFileType = undefined; fileEncoding = 4; includeInIndex = 0; lastKnownFileType = sourcecode.c.h; name = SocialSharing.h; path = "cordova-plugin-x-socialsharing/SocialSharing.h"; sourceTree = "<group>"; };
		8053899B25494A73AB7CF94C /* UIImage+CropScaleOrientation.h */ = {isa = PBXFileReference; explicitFileType = undefined; fileEncoding = 4; includeInIndex = 0; lastKnownFileType = sourcecode.c.h; name = "UIImage+CropScaleOrientation.h"; path = "cordova-plugin-camera/UIImage+CropScaleOrientation.h"; sourceTree = "<group>"; };
		82BB7C706D3649BEB0FEE335 /* Social.framework */ = {isa = PBXFileReference; explicitFileType = undefined; fileEncoding = 9; includeInIndex = 0; lastKnownFileType = wrapper.framework; name = Social.framework; path = System/Library/Frameworks/Social.framework; sourceTree = SDKROOT; };
		852726E89F4F4407A9CC0AD9 /* CDVCamera.h */ = {isa = PBXFileReference; explicitFileType = undefined; fileEncoding = 4; includeInIndex = 0; lastKnownFileType = sourcecode.c.h; name = CDVCamera.h; path = "cordova-plugin-camera/CDVCamera.h"; sourceTree = "<group>"; };
		8BA32651083249FA8CEC5260 /* IONAssetHandler.h */ = {isa = PBXFileReference; explicitFileType = undefined; fileEncoding = 4; includeInIndex = 0; lastKnownFileType = sourcecode.c.h; name = IONAssetHandler.h; path = "cordova-plugin-ionic-webview/IONAssetHandler.h"; sourceTree = "<group>"; };
		8D1107310486CEB800E47090 /* Artform platform-Info.plist */ = {isa = PBXFileReference; fileEncoding = 4; lastKnownFileType = text.plist.xml; name = "Artform platform-Info.plist"; path = "Artform platform/Artform platform-Info.plist"; plistStructureDefinitionIdentifier = "com.apple.xcode.plist.structure-definition.iphone.info-plist"; sourceTree = SOURCE_ROOT; };
		8D2146DEAC45403EA9D4A82A /* AFNetworkReachabilityManager.h */ = {isa = PBXFileReference; explicitFileType = undefined; fileEncoding = 4; includeInIndex = 0; lastKnownFileType = sourcecode.c.h; name = AFNetworkReachabilityManager.h; path = "cordova-plugin-advanced-http/AFNetworkReachabilityManager.h"; sourceTree = "<group>"; };
		925CFC015C4C4F6C93B4CFB0 /* CDVJpegHeaderWriter.m */ = {isa = PBXFileReference; explicitFileType = undefined; fileEncoding = 4; includeInIndex = 0; lastKnownFileType = sourcecode.c.objc; name = CDVJpegHeaderWriter.m; path = "cordova-plugin-camera/CDVJpegHeaderWriter.m"; sourceTree = "<group>"; };
		92C5D65741DD446A810DBAD4 /* AFNetworkReachabilityManager.m */ = {isa = PBXFileReference; explicitFileType = undefined; fileEncoding = 4; includeInIndex = 0; lastKnownFileType = sourcecode.c.objc; name = AFNetworkReachabilityManager.m; path = "cordova-plugin-advanced-http/AFNetworkReachabilityManager.m"; sourceTree = "<group>"; };
		94FE063A2E324B2088C62181 /* CDVUniqueDeviceID.m */ = {isa = PBXFileReference; explicitFileType = undefined; fileEncoding = 4; includeInIndex = 0; lastKnownFileType = sourcecode.c.objc; name = CDVUniqueDeviceID.m; path = "cordova-plugin-uniquedeviceid/CDVUniqueDeviceID.m"; sourceTree = "<group>"; };
		98E197B464344F62B870827C /* MessageUI.framework */ = {isa = PBXFileReference; explicitFileType = undefined; fileEncoding = 9; includeInIndex = 0; lastKnownFileType = wrapper.framework; name = MessageUI.framework; path = System/Library/Frameworks/MessageUI.framework; sourceTree = SDKROOT; };
		99486228F1014E93A9CD8CE9 /* AFNetworking.h */ = {isa = PBXFileReference; explicitFileType = undefined; fileEncoding = 4; includeInIndex = 0; lastKnownFileType = sourcecode.c.h; name = AFNetworking.h; path = "cordova-plugin-advanced-http/AFNetworking.h"; sourceTree = "<group>"; };
		A1EB6B5E6E8C4959BC6B5BB4 /* CDVSplashScreen.h */ = {isa = PBXFileReference; explicitFileType = undefined; fileEncoding = 4; includeInIndex = 0; lastKnownFileType = sourcecode.c.h; name = CDVSplashScreen.h; path = "cordova-plugin-splashscreen/CDVSplashScreen.h"; sourceTree = "<group>"; };
		A26B42F78B2E45519943E20F /* SystemConfiguration.framework */ = {isa = PBXFileReference; explicitFileType = undefined; fileEncoding = 9; includeInIndex = 0; lastKnownFileType = wrapper.framework; name = SystemConfiguration.framework; path = System/Library/Frameworks/SystemConfiguration.framework; sourceTree = SDKROOT; };
		A3A116977EC24573ABD7606E /* OneSignalPush.h */ = {isa = PBXFileReference; explicitFileType = undefined; fileEncoding = 4; includeInIndex = 0; lastKnownFileType = sourcecode.c.h; name = OneSignalPush.h; path = "onesignal-cordova-plugin/OneSignalPush.h"; sourceTree = "<group>"; };
		A3C81BCB3FB142EC8F180AEB /* AFURLResponseSerialization.m */ = {isa = PBXFileReference; explicitFileType = undefined; fileEncoding = 4; includeInIndex = 0; lastKnownFileType = sourcecode.c.objc; name = AFURLResponseSerialization.m; path = "cordova-plugin-advanced-http/AFURLResponseSerialization.m"; sourceTree = "<group>"; };
		A408004B15D446559899D1BA /* WebKit.framework */ = {isa = PBXFileReference; explicitFileType = undefined; fileEncoding = 9; includeInIndex = 0; lastKnownFileType = wrapper.framework; name = WebKit.framework; path = System/Library/Frameworks/WebKit.framework; sourceTree = SDKROOT; };
		A6520AD756194AB8B1DD71C1 /* CDVLocalFilesystem.m */ = {isa = PBXFileReference; explicitFileType = undefined; fileEncoding = 4; includeInIndex = 0; lastKnownFileType = sourcecode.c.objc; name = CDVLocalFilesystem.m; path = "cordova-plugin-file/CDVLocalFilesystem.m"; sourceTree = "<group>"; };
		A6DEFF24842A4A69B5809FA5 /* CoreLocation.framework */ = {isa = PBXFileReference; explicitFileType = undefined; fileEncoding = 9; includeInIndex = 0; lastKnownFileType = wrapper.framework; name = CoreLocation.framework; path = System/Library/Frameworks/CoreLocation.framework; sourceTree = SDKROOT; };
		AA17FE73A5FB4CD981C031B1 /* FilePicker.m */ = {isa = PBXFileReference; explicitFileType = undefined; fileEncoding = 4; includeInIndex = 0; lastKnownFileType = sourcecode.c.objc; name = FilePicker.m; path = "cordova-plugin-filepicker/FilePicker.m"; sourceTree = "<group>"; };
		ABFEE928F16B4FA6BD892BD7 /* SocialSharing.m */ = {isa = PBXFileReference; explicitFileType = undefined; fileEncoding = 4; includeInIndex = 0; lastKnownFileType = sourcecode.c.objc; name = SocialSharing.m; path = "cordova-plugin-x-socialsharing/SocialSharing.m"; sourceTree = "<group>"; };
		ACB315C9FB364DDA95ECBEE7 /* TextRequestSerializer.m */ = {isa = PBXFileReference; explicitFileType = undefined; fileEncoding = 4; includeInIndex = 0; lastKnownFileType = sourcecode.c.objc; name = TextRequestSerializer.m; path = "cordova-plugin-advanced-http/TextRequestSerializer.m"; sourceTree = "<group>"; };
		ACE66C4AB9DA44A39448304C /* CDVExif.h */ = {isa = PBXFileReference; explicitFileType = undefined; fileEncoding = 4; includeInIndex = 0; lastKnownFileType = sourcecode.c.h; name = CDVExif.h; path = "cordova-plugin-camera/CDVExif.h"; sourceTree = "<group>"; };
		AD8551A405D14392B24B30FE /* ImageIO.framework */ = {isa = PBXFileReference; explicitFileType = undefined; fileEncoding = 9; includeInIndex = 0; lastKnownFileType = wrapper.framework; name = ImageIO.framework; path = System/Library/Frameworks/ImageIO.framework; sourceTree = SDKROOT; };
		AF109B136C5B457B8F7D13B9 /* SDNetworkActivityIndicator.h */ = {isa = PBXFileReference; explicitFileType = undefined; fileEncoding = 4; includeInIndex = 0; lastKnownFileType = sourcecode.c.h; name = SDNetworkActivityIndicator.h; path = "cordova-plugin-advanced-http/SDNetworkActivityIndicator.h"; sourceTree = "<group>"; };
		B03E77012689465286D69EA3 /* CDVFileTransfer.h */ = {isa = PBXFileReference; explicitFileType = undefined; fileEncoding = 4; includeInIndex = 0; lastKnownFileType = sourcecode.c.h; name = CDVFileTransfer.h; path = "cordova-plugin-file-transfer/CDVFileTransfer.h"; sourceTree = "<group>"; };
		C5B2F0A8CA71413F8CCDFB9E /* CDVCamera.m */ = {isa = PBXFileReference; explicitFileType = undefined; fileEncoding = 4; includeInIndex = 0; lastKnownFileType = sourcecode.c.objc; name = CDVCamera.m; path = "cordova-plugin-camera/CDVCamera.m"; sourceTree = "<group>"; };
		C9492695BE5A4FC7894612D0 /* BranchSDK.m */ = {isa = PBXFileReference; explicitFileType = undefined; fileEncoding = 4; includeInIndex = 0; lastKnownFileType = sourcecode.c.objc; name = BranchSDK.m; path = "branch-cordova-sdk/BranchSDK.m"; sourceTree = "<group>"; };
		CD82456C78C74C6D9D0140A5 /* BinaryRequestSerializer.h */ = {isa = PBXFileReference; explicitFileType = undefined; fileEncoding = 4; includeInIndex = 0; lastKnownFileType = sourcecode.c.h; name = BinaryRequestSerializer.h; path = "cordova-plugin-advanced-http/BinaryRequestSerializer.h"; sourceTree = "<group>"; };
		D2366592D98D4197A0359C90 /* Security.framework */ = {isa = PBXFileReference; explicitFileType = undefined; fileEncoding = 9; includeInIndex = 0; lastKnownFileType = wrapper.framework; name = Security.framework; path = System/Library/Frameworks/Security.framework; sourceTree = SDKROOT; };
		D54530A32CD549D0BE2D3722 /* BinaryRequestSerializer.m */ = {isa = PBXFileReference; explicitFileType = undefined; fileEncoding = 4; includeInIndex = 0; lastKnownFileType = sourcecode.c.objc; name = BinaryRequestSerializer.m; path = "cordova-plugin-advanced-http/BinaryRequestSerializer.m"; sourceTree = "<group>"; };
		D57ED4672F97415CBE0E82AF /* AFURLSessionManager.h */ = {isa = PBXFileReference; explicitFileType = undefined; fileEncoding = 4; includeInIndex = 0; lastKnownFileType = sourcecode.c.h; name = AFURLSessionManager.h; path = "cordova-plugin-advanced-http/AFURLSessionManager.h"; sourceTree = "<group>"; };
		D6E02D94CB5D4789B967516A /* AFSecurityPolicy.m */ = {isa = PBXFileReference; explicitFileType = undefined; fileEncoding = 4; includeInIndex = 0; lastKnownFileType = sourcecode.c.objc; name = AFSecurityPolicy.m; path = "cordova-plugin-advanced-http/AFSecurityPolicy.m"; sourceTree = "<group>"; };
		D999DF4ED0E9476EA0234DE7 /* CDVWKProcessPoolFactory.m */ = {isa = PBXFileReference; explicitFileType = undefined; fileEncoding = 4; includeInIndex = 0; lastKnownFileType = sourcecode.c.objc; name = CDVWKProcessPoolFactory.m; path = "cordova-plugin-ionic-webview/CDVWKProcessPoolFactory.m"; sourceTree = "<group>"; };
		DC62DA0CE5724A9C80392AC4 /* AFHTTPSessionManager.m */ = {isa = PBXFileReference; explicitFileType = undefined; fileEncoding = 4; includeInIndex = 0; lastKnownFileType = sourcecode.c.objc; name = AFHTTPSessionManager.m; path = "cordova-plugin-advanced-http/AFHTTPSessionManager.m"; sourceTree = "<group>"; };
		E6AD9FB088CA41B4B4BB21D1 /* FilePicker.h */ = {isa = PBXFileReference; explicitFileType = undefined; fileEncoding = 4; includeInIndex = 0; lastKnownFileType = sourcecode.c.h; name = FilePicker.h; path = "cordova-plugin-filepicker/FilePicker.h"; sourceTree = "<group>"; };
		EB87FDF31871DA8E0020F90C /* www */ = {isa = PBXFileReference; lastKnownFileType = folder; name = www; path = ../../www; sourceTree = "<group>"; };
		EB87FDF41871DAF40020F90C /* config.xml */ = {isa = PBXFileReference; lastKnownFileType = text.xml; name = config.xml; path = ../../config.xml; sourceTree = "<group>"; };
		ED33DF2A687741AEAF9F8254 /* Bridging-Header.h */ = {isa = PBXFileReference; fileEncoding = 4; lastKnownFileType = sourcecode.c.h; path = "Bridging-Header.h"; sourceTree = "<group>"; };
		F3ED548215F64B1694E3A3C8 /* CDVSplashScreen.m */ = {isa = PBXFileReference; explicitFileType = undefined; fileEncoding = 4; includeInIndex = 0; lastKnownFileType = sourcecode.c.objc; name = CDVSplashScreen.m; path = "cordova-plugin-splashscreen/CDVSplashScreen.m"; sourceTree = "<group>"; };
		F840E1F0165FE0F500CFE078 /* config.xml */ = {isa = PBXFileReference; lastKnownFileType = text.xml; name = config.xml; path = "Artform platform/config.xml"; sourceTree = "<group>"; };
		F8E76D0DF7754B44B4FEBF5D /* TextResponseSerializer.m */ = {isa = PBXFileReference; explicitFileType = undefined; fileEncoding = 4; includeInIndex = 0; lastKnownFileType = sourcecode.c.objc; name = TextResponseSerializer.m; path = "cordova-plugin-advanced-http/TextResponseSerializer.m"; sourceTree = "<group>"; };
		F99C055873CE41BCB97D918F /* OneSignalPush.m */ = {isa = PBXFileReference; explicitFileType = undefined; fileEncoding = 4; includeInIndex = 0; lastKnownFileType = sourcecode.c.objc; name = OneSignalPush.m; path = "onesignal-cordova-plugin/OneSignalPush.m"; sourceTree = "<group>"; };
		F9C18BD20531425D8C8C57E4 /* TextResponseSerializer.h */ = {isa = PBXFileReference; explicitFileType = undefined; fileEncoding = 4; includeInIndex = 0; lastKnownFileType = sourcecode.c.h; name = TextResponseSerializer.h; path = "cordova-plugin-advanced-http/TextResponseSerializer.h"; sourceTree = "<group>"; };
/* End PBXFileReference section */

/* Begin PBXFrameworksBuildPhase section */
		1D60588F0D05DD3D006BFB54 /* Frameworks */ = {
			isa = PBXFrameworksBuildPhase;
			buildActionMask = 2147483647;
			files = (
				301BF552109A68D80062928A /* libCordova.a in Frameworks */,
				B676324CE6C24D8DA8C41070 /* Security.framework in Frameworks */,
				252AD5BF5C7D4537BC447FD0 /* SystemConfiguration.framework in Frameworks */,
				F3118C581EEA447487D40C8D /* ImageIO.framework in Frameworks */,
				5C73EF91538D402D951A9689 /* CoreLocation.framework in Frameworks */,
				EB342D8C4F5D413981F20F7A /* AVFoundation.framework in Frameworks */,
				DA5605FF7D5F37CAF3F246B9 /* Pods_Artform_platform.framework in Frameworks */,
				592E9499B447496DBD8E6FB1 /* WebKit.framework in Frameworks */,
				422035DEEAC74096988E0F7B /* Social.framework in Frameworks */,
				24AE7C262B214214A9460FBD /* MessageUI.framework in Frameworks */,
			);
			runOnlyForDeploymentPostprocessing = 0;
		};
/* End PBXFrameworksBuildPhase section */

/* Begin PBXGroup section */
		080E96DDFE201D6D7F000001 /* Classes */ = {
			isa = PBXGroup;
			children = (
				302D95EE14D2391D003F00A1 /* MainViewController.h */,
				302D95EF14D2391D003F00A1 /* MainViewController.m */,
				302D95F014D2391D003F00A1 /* MainViewController.xib */,
				1D3623240D0F684500981E51 /* AppDelegate.h */,
				1D3623250D0F684500981E51 /* AppDelegate.m */,
			);
			name = Classes;
			path = "Artform platform/Classes";
			sourceTree = SOURCE_ROOT;
		};
		19C28FACFE9D520D11CA2CBB /* Products */ = {
			isa = PBXGroup;
			children = (
				1D6058910D05DD3D006BFB54 /* Artform platform.app */,
			);
			name = Products;
			sourceTree = "<group>";
		};
		29B97314FDCFA39411CA2CEA /* CustomTemplate */ = {
			isa = PBXGroup;
			children = (
				EB87FDF41871DAF40020F90C /* config.xml */,
				EB87FDF31871DA8E0020F90C /* www */,
				EB87FDF11871DA420020F90C /* Staging */,
				301BF52D109A57CC0062928A /* CordovaLib.xcodeproj */,
				080E96DDFE201D6D7F000001 /* Classes */,
				307C750510C5A3420062BCA9 /* Plugins */,
				29B97315FDCFA39411CA2CEA /* Other Sources */,
				29B97317FDCFA39411CA2CEA /* Resources */,
				29B97323FDCFA39411CA2CEA /* Frameworks */,
				19C28FACFE9D520D11CA2CBB /* Products */,
				AF1ADE63F00EA44B023D3E58 /* Pods */,
			);
			name = CustomTemplate;
			sourceTree = "<group>";
		};
		29B97315FDCFA39411CA2CEA /* Other Sources */ = {
			isa = PBXGroup;
			children = (
				32CA4F630368D1EE00C91783 /* Artform platform-Prefix.pch */,
				29B97316FDCFA39411CA2CEA /* main.m */,
				ED33DF2A687741AEAF9F8254 /* Bridging-Header.h */,
			);
			name = "Other Sources";
			path = "Artform platform";
			sourceTree = "<group>";
		};
		29B97317FDCFA39411CA2CEA /* Resources */ = {
			isa = PBXGroup;
			children = (
				0207DA571B56EA530066E2B4 /* Images.xcassets */,
				3047A50E1AB8057F00498E2A /* config */,
				8D1107310486CEB800E47090 /* Artform platform-Info.plist */,
				6AFF5BF81D6E424B00AB3073 /* CDVLaunchScreen.storyboard */,
			);
			name = Resources;
			path = "Artform platform/Resources";
			sourceTree = "<group>";
		};
		29B97323FDCFA39411CA2CEA /* Frameworks */ = {
			isa = PBXGroup;
			children = (
				D2366592D98D4197A0359C90 /* Security.framework */,
				A26B42F78B2E45519943E20F /* SystemConfiguration.framework */,
				AD8551A405D14392B24B30FE /* ImageIO.framework */,
				A6DEFF24842A4A69B5809FA5 /* CoreLocation.framework */,
				1C01F5E2FC584B45982B4D2F /* AVFoundation.framework */,
				03DD4A278DE609BDF54B005A /* Pods_Artform_platform.framework */,
				A408004B15D446559899D1BA /* WebKit.framework */,
				82BB7C706D3649BEB0FEE335 /* Social.framework */,
				98E197B464344F62B870827C /* MessageUI.framework */,
			);
			name = Frameworks;
			sourceTree = "<group>";
		};
		301BF52E109A57CC0062928A /* Products */ = {
			isa = PBXGroup;
			children = (
				301BF535109A57CC0062928A /* libCordova.a */,
				907D8124214C687600058A10 /* Cordova.framework */,
			);
			name = Products;
			sourceTree = "<group>";
		};
		3047A50E1AB8057F00498E2A /* config */ = {
			isa = PBXGroup;
			children = (
				3047A50F1AB8059700498E2A /* build-debug.xcconfig */,
				3047A5101AB8059700498E2A /* build-release.xcconfig */,
				3047A5111AB8059700498E2A /* build.xcconfig */,
			);
			name = config;
			sourceTree = "<group>";
		};
		307C750510C5A3420062BCA9 /* Plugins */ = {
			isa = PBXGroup;
			children = (
				C9492695BE5A4FC7894612D0 /* BranchSDK.m */,
				4C64F9D0B7724509B44C03EE /* AppDelegate+BranchSdk.m */,
				51606962E99742C7BEA25CFE /* BranchNPM.h */,
				499E45A40CDE4FE3836B3BC2 /* BranchSDK.h */,
				3DD8955A63BE443D9400FDEB /* CDVFile.m */,
				A6520AD756194AB8B1DD71C1 /* CDVLocalFilesystem.m */,
				0D22B1F0FE7E43F5B7D5BB31 /* CDVAssetLibraryFilesystem.m */,
				31B59877EE374D48A0A7A6C9 /* CDVFile.h */,
				086845EEAA4548809E21CC5D /* CDVLocalFilesystem.h */,
				18B20ACFDD124C5991E603EE /* CDVAssetLibraryFilesystem.h */,
				0BE10D33CA224D47BAAEB456 /* CordovaHttpPlugin.m */,
				D54530A32CD549D0BE2D3722 /* BinaryRequestSerializer.m */,
				5FF406CAD17C495DAFEF1021 /* BinaryResponseSerializer.m */,
				F8E76D0DF7754B44B4FEBF5D /* TextResponseSerializer.m */,
				ACB315C9FB364DDA95ECBEE7 /* TextRequestSerializer.m */,
				DC62DA0CE5724A9C80392AC4 /* AFHTTPSessionManager.m */,
				92C5D65741DD446A810DBAD4 /* AFNetworkReachabilityManager.m */,
				D6E02D94CB5D4789B967516A /* AFSecurityPolicy.m */,
				2819DF82C7BF4BF6A1DA85C3 /* AFURLRequestSerialization.m */,
				A3C81BCB3FB142EC8F180AEB /* AFURLResponseSerialization.m */,
				3C45C34E04114C34B755BB61 /* AFURLSessionManager.m */,
				401E3BFE876A49DDBCF55C5A /* SDNetworkActivityIndicator.m */,
				0EB190F76C7F48F18B817749 /* CordovaHttpPlugin.h */,
				CD82456C78C74C6D9D0140A5 /* BinaryRequestSerializer.h */,
				4247394619D545C9A5497D72 /* BinaryResponseSerializer.h */,
				F9C18BD20531425D8C8C57E4 /* TextResponseSerializer.h */,
				21885B232819443FA1A3F4AC /* TextRequestSerializer.h */,
				5E5A3E3223E54F0DAD464FAF /* AFHTTPSessionManager.h */,
				99486228F1014E93A9CD8CE9 /* AFNetworking.h */,
				8D2146DEAC45403EA9D4A82A /* AFNetworkReachabilityManager.h */,
				74C63810BE014E3EBBF040D8 /* AFSecurityPolicy.h */,
				597AD84EF0BC4019B386BFAD /* AFURLRequestSerialization.h */,
				51FFB66D4526486A94A4EB05 /* AFURLResponseSerialization.h */,
				D57ED4672F97415CBE0E82AF /* AFURLSessionManager.h */,
				AF109B136C5B457B8F7D13B9 /* SDNetworkActivityIndicator.h */,
				13ED8C221FE346E2ACFD4D3A /* UIImage+CropScaleOrientation.m */,
				C5B2F0A8CA71413F8CCDFB9E /* CDVCamera.m */,
				925CFC015C4C4F6C93B4CFB0 /* CDVJpegHeaderWriter.m */,
				8053899B25494A73AB7CF94C /* UIImage+CropScaleOrientation.h */,
				852726E89F4F4407A9CC0AD9 /* CDVCamera.h */,
				5B391808AAAC4BA8BEF3B2B6 /* CDVJpegHeaderWriter.h */,
				ACE66C4AB9DA44A39448304C /* CDVExif.h */,
				5206DCCB8A704EA7B4C07B0F /* CDVDevice.m */,
				3F2B6FEE7B284324892740F6 /* CDVDevice.h */,
				2D47623A7D734F378B7CF83A /* FacebookConnectPlugin.m */,
				10518E3864144E329CBC3C82 /* FacebookConnectPlugin.h */,
				1201246475464DD8A56EB0E4 /* CDVFileTransfer.m */,
				B03E77012689465286D69EA3 /* CDVFileTransfer.h */,
				AA17FE73A5FB4CD981C031B1 /* FilePicker.m */,
				E6AD9FB088CA41B4B4BB21D1 /* FilePicker.h */,
				709A69B511C34D4884A183FB /* CDVWKWebViewEngine.m */,
				147A6078985045E5889DDEBB /* CDVWKWebViewUIDelegate.m */,
				D999DF4ED0E9476EA0234DE7 /* CDVWKProcessPoolFactory.m */,
				44BFED80936F4A1BAA72878C /* IONAssetHandler.m */,
				780FFEC7890E4FBF83351E76 /* CDVWKWebViewEngine.h */,
				4ACD6575510A4B1DA1862443 /* CDVWKWebViewUIDelegate.h */,
				48A79179C5B64662ACFC0E58 /* CDVWKProcessPoolFactory.h */,
				8BA32651083249FA8CEC5260 /* IONAssetHandler.h */,
				F3ED548215F64B1694E3A3C8 /* CDVSplashScreen.m */,
				1BDD214295FC4FF79ED7BAE9 /* CDVViewController+SplashScreen.m */,
				A1EB6B5E6E8C4959BC6B5BB4 /* CDVSplashScreen.h */,
				7AC29CD241134B6E8D031122 /* CDVViewController+SplashScreen.h */,
				2CD5B330BA2C4BFA92C45297 /* UICKeyChainStore.m */,
				94FE063A2E324B2088C62181 /* CDVUniqueDeviceID.m */,
				399D4A29B68D418FA9F0C837 /* UICKeyChainStore.h */,
				0A984C947ACB487194ADE8C5 /* CDVUniqueDeviceID.h */,
				5EF05DB7674144B2BDFDB2FB /* NSString+SSURLEncoding.m */,
				ABFEE928F16B4FA6BD892BD7 /* SocialSharing.m */,
				59E47D4645934C30B0E4C3E0 /* NSString+SSURLEncoding.h */,
				7FEE8B0E7C844FD1ADFB0808 /* SocialSharing.h */,
				F99C055873CE41BCB97D918F /* OneSignalPush.m */,
				A3A116977EC24573ABD7606E /* OneSignalPush.h */,
			);
			name = Plugins;
			path = "Artform platform/Plugins";
			sourceTree = SOURCE_ROOT;
		};
		AF1ADE63F00EA44B023D3E58 /* Pods */ = {
			isa = PBXGroup;
			children = (
				1066B810549D726C9B6CBFE4 /* Pods-Artform platform.debug.xcconfig */,
				7BB76F861AB8783DCF9F62FB /* Pods-Artform platform.release.xcconfig */,
			);
			path = Pods;
			sourceTree = "<group>";
		};
		EB87FDF11871DA420020F90C /* Staging */ = {
			isa = PBXGroup;
			children = (
				F840E1F0165FE0F500CFE078 /* config.xml */,
				301BF56E109A69640062928A /* www */,
			);
			name = Staging;
			sourceTree = "<group>";
		};
/* End PBXGroup section */

/* Begin PBXNativeTarget section */
		1D6058900D05DD3D006BFB54 /* Artform platform */ = {
			isa = PBXNativeTarget;
			buildConfigurationList = 1D6058960D05DD3E006BFB54 /* Build configuration list for PBXNativeTarget "Artform platform" */;
			buildPhases = (
				511742B65E9D2606F178EBC9 /* [CP] Check Pods Manifest.lock */,
				304B58A110DAC018002A0835 /* Copy www directory */,
				1D60588D0D05DD3D006BFB54 /* Resources */,
				1D60588E0D05DD3D006BFB54 /* Sources */,
				1D60588F0D05DD3D006BFB54 /* Frameworks */,
				E527EFEF38EE2FB5A98E1788 /* [CP] Embed Pods Frameworks */,
			);
			buildRules = (
			);
			dependencies = (
				301BF551109A68C00062928A /* PBXTargetDependency */,
			);
			name = "Artform platform";
			productName = "Artform platform";
			productReference = 1D6058910D05DD3D006BFB54 /* Artform platform.app */;
			productType = "com.apple.product-type.application";
		};
/* End PBXNativeTarget section */

/* Begin PBXProject section */
		29B97313FDCFA39411CA2CEA /* Project object */ = {
			isa = PBXProject;
			attributes = {
				LastUpgradeCheck = 510;
				TargetAttributes = {
					1D6058900D05DD3D006BFB54 = {
						DevelopmentTeam = 9G975UYTYP;
						ProvisioningStyle = Manual;
					};
				};
			};
			buildConfigurationList = C01FCF4E08A954540054247B /* Build configuration list for PBXProject "Artform platform" */;
			compatibilityVersion = "Xcode 3.2";
			developmentRegion = English;
			hasScannedForEncodings = 1;
			knownRegions = (
				en,
			);
			mainGroup = 29B97314FDCFA39411CA2CEA /* CustomTemplate */;
			productRefGroup = 19C28FACFE9D520D11CA2CBB /* Products */;
			projectDirPath = "";
			projectReferences = (
				{
					ProductGroup = 301BF52E109A57CC0062928A /* Products */;
					ProjectRef = 301BF52D109A57CC0062928A /* CordovaLib.xcodeproj */;
				},
			);
			projectRoot = "";
			targets = (
				1D6058900D05DD3D006BFB54 /* Artform platform */,
			);
		};
/* End PBXProject section */

/* Begin PBXReferenceProxy section */
		301BF535109A57CC0062928A /* libCordova.a */ = {
			isa = PBXReferenceProxy;
			fileType = archive.ar;
			path = libCordova.a;
			remoteRef = 301BF534109A57CC0062928A /* PBXContainerItemProxy */;
			sourceTree = BUILT_PRODUCTS_DIR;
		};
		907D8124214C687600058A10 /* Cordova.framework */ = {
			isa = PBXReferenceProxy;
			fileType = wrapper.framework;
			path = Cordova.framework;
			remoteRef = 907D8123214C687600058A10 /* PBXContainerItemProxy */;
			sourceTree = BUILT_PRODUCTS_DIR;
		};
/* End PBXReferenceProxy section */

/* Begin PBXResourcesBuildPhase section */
		1D60588D0D05DD3D006BFB54 /* Resources */ = {
			isa = PBXResourcesBuildPhase;
			buildActionMask = 2147483647;
			files = (
				302D95F214D2391D003F00A1 /* MainViewController.xib in Resources */,
				0207DA581B56EA530066E2B4 /* Images.xcassets in Resources */,
				6AFF5BF91D6E424B00AB3073 /* CDVLaunchScreen.storyboard in Resources */,
			);
			runOnlyForDeploymentPostprocessing = 0;
		};
/* End PBXResourcesBuildPhase section */

/* Begin PBXShellScriptBuildPhase section */
		304B58A110DAC018002A0835 /* Copy www directory */ = {
			isa = PBXShellScriptBuildPhase;
			buildActionMask = 2147483647;
			files = (
			);
			inputPaths = (
			);
			name = "Copy www directory";
			outputPaths = (
			);
			runOnlyForDeploymentPostprocessing = 0;
			shellPath = /bin/sh;
			shellScript = "\"$SRCROOT/Artform platform/Scripts/copy-www-build-step.sh\"";
			showEnvVarsInLog = 0;
		};
		511742B65E9D2606F178EBC9 /* [CP] Check Pods Manifest.lock */ = {
			isa = PBXShellScriptBuildPhase;
			buildActionMask = 2147483647;
			files = (
			);
			inputFileListPaths = (
			);
			inputPaths = (
				"${PODS_PODFILE_DIR_PATH}/Podfile.lock",
				"${PODS_ROOT}/Manifest.lock",
			);
			name = "[CP] Check Pods Manifest.lock";
			outputFileListPaths = (
			);
			outputPaths = (
				"$(DERIVED_FILE_DIR)/Pods-Artform platform-checkManifestLockResult.txt",
			);
			runOnlyForDeploymentPostprocessing = 0;
			shellPath = /bin/sh;
			shellScript = "diff \"${PODS_PODFILE_DIR_PATH}/Podfile.lock\" \"${PODS_ROOT}/Manifest.lock\" > /dev/null\nif [ $? != 0 ] ; then\n    # print error to STDERR\n    echo \"error: The sandbox is not in sync with the Podfile.lock. Run 'pod install' or update your CocoaPods installation.\" >&2\n    exit 1\nfi\n# This output is used by Xcode 'outputs' to avoid re-running this script phase.\necho \"SUCCESS\" > \"${SCRIPT_OUTPUT_FILE_0}\"\n";
			showEnvVarsInLog = 0;
		};
		E527EFEF38EE2FB5A98E1788 /* [CP] Embed Pods Frameworks */ = {
			isa = PBXShellScriptBuildPhase;
			buildActionMask = 2147483647;
			files = (
			);
			inputPaths = (
				"${PODS_ROOT}/Target Support Files/Pods-Artform platform/Pods-Artform platform-frameworks.sh",
				"${BUILT_PRODUCTS_DIR}/Branch/Branch.framework",
				"${BUILT_PRODUCTS_DIR}/FBSDKCoreKit/FBSDKCoreKit.framework",
				"${BUILT_PRODUCTS_DIR}/FBSDKLoginKit/FBSDKLoginKit.framework",
				"${BUILT_PRODUCTS_DIR}/FBSDKShareKit/FBSDKShareKit.framework",
			);
			name = "[CP] Embed Pods Frameworks";
			outputPaths = (
				"${TARGET_BUILD_DIR}/${FRAMEWORKS_FOLDER_PATH}/Branch.framework",
				"${TARGET_BUILD_DIR}/${FRAMEWORKS_FOLDER_PATH}/FBSDKCoreKit.framework",
				"${TARGET_BUILD_DIR}/${FRAMEWORKS_FOLDER_PATH}/FBSDKLoginKit.framework",
				"${TARGET_BUILD_DIR}/${FRAMEWORKS_FOLDER_PATH}/FBSDKShareKit.framework",
			);
			runOnlyForDeploymentPostprocessing = 0;
			shellPath = /bin/sh;
			shellScript = "\"${PODS_ROOT}/Target Support Files/Pods-Artform platform/Pods-Artform platform-frameworks.sh\"\n";
			showEnvVarsInLog = 0;
		};
/* End PBXShellScriptBuildPhase section */

/* Begin PBXSourcesBuildPhase section */
		1D60588E0D05DD3D006BFB54 /* Sources */ = {
			isa = PBXSourcesBuildPhase;
			buildActionMask = 2147483647;
			files = (
				1D60589B0D05DD56006BFB54 /* main.m in Sources */,
				1D3623260D0F684500981E51 /* AppDelegate.m in Sources */,
				302D95F114D2391D003F00A1 /* MainViewController.m in Sources */,
				5AF266363ACE4986AC1AE0E9 /* BranchSDK.m in Sources */,
				1C35AA25E4E24093AEE7E78C /* AppDelegate+BranchSdk.m in Sources */,
				F46623BA17CE43DAB7A4E60D /* CDVFile.m in Sources */,
				F187303F362646A6BFC75182 /* CDVLocalFilesystem.m in Sources */,
				BD174673BC724284B196A882 /* CDVAssetLibraryFilesystem.m in Sources */,
				8353E07D4A944FFBAEEA4FEF /* CordovaHttpPlugin.m in Sources */,
				663248CAAA6D4646961182E9 /* BinaryRequestSerializer.m in Sources */,
				14B40F0455DB41FDB02FA5FA /* BinaryResponseSerializer.m in Sources */,
				54EBB926E11C445795B5E8D5 /* TextResponseSerializer.m in Sources */,
				5EAF50B8FE734AABA08ADC75 /* TextRequestSerializer.m in Sources */,
				E2C8EF67222248128EA3ED83 /* AFHTTPSessionManager.m in Sources */,
				243B534E83144CB7A785A139 /* AFNetworkReachabilityManager.m in Sources */,
				CDCB58BF87324718A3F2BF7C /* AFSecurityPolicy.m in Sources */,
				702DC412E0D3450DA1BA7718 /* AFURLRequestSerialization.m in Sources */,
				0530ACC7A1914077AD51507D /* AFURLResponseSerialization.m in Sources */,
				B5E19487A9114F77A94A4648 /* AFURLSessionManager.m in Sources */,
				4D32510D2DEF433CAA5C7D1F /* SDNetworkActivityIndicator.m in Sources */,
				6B17F81416A34462817C62CD /* UIImage+CropScaleOrientation.m in Sources */,
				60BD7F176F864D579A1AD4D6 /* CDVCamera.m in Sources */,
				3EE6F6D8E5F9461793CEA147 /* CDVJpegHeaderWriter.m in Sources */,
				5FE7E0146C9E4810A6895165 /* CDVDevice.m in Sources */,
				78405EDEDB084D8D966F641A /* FacebookConnectPlugin.m in Sources */,
				465B7FD3CD054578B0045154 /* CDVFileTransfer.m in Sources */,
				A0CF78438C4B47E29D907454 /* FilePicker.m in Sources */,
				9178886E0BEA4501B9B0A473 /* CDVWKWebViewEngine.m in Sources */,
				C9C6A6E950D84C3FACFCEF20 /* CDVWKWebViewUIDelegate.m in Sources */,
				313B5F6A499646FFB75CD773 /* CDVWKProcessPoolFactory.m in Sources */,
				78D17F79B2674E15AE2C3B90 /* IONAssetHandler.m in Sources */,
				3D57E35A7DF242F285C5ED86 /* CDVSplashScreen.m in Sources */,
				751375D4C9F84D418B033FDB /* CDVViewController+SplashScreen.m in Sources */,
				920398537E7B474BAC6F1BB9 /* UICKeyChainStore.m in Sources */,
				55CA8BE9FEFF4EC29C2EED19 /* CDVUniqueDeviceID.m in Sources */,
				9FD51D39620F4001B8728492 /* NSString+SSURLEncoding.m in Sources */,
				3A71860ACE8F46489B5F9CF1 /* SocialSharing.m in Sources */,
				96BFA57B89E34AE9A27550BA /* OneSignalPush.m in Sources */,
			);
			runOnlyForDeploymentPostprocessing = 0;
		};
/* End PBXSourcesBuildPhase section */

/* Begin PBXTargetDependency section */
		301BF551109A68C00062928A /* PBXTargetDependency */ = {
			isa = PBXTargetDependency;
			name = CordovaLib;
			targetProxy = 301BF550109A68C00062928A /* PBXContainerItemProxy */;
		};
/* End PBXTargetDependency section */

/* Begin XCBuildConfiguration section */
		1D6058940D05DD3E006BFB54 /* Debug */ = {
			isa = XCBuildConfiguration;
			baseConfigurationReference = 3047A50F1AB8059700498E2A /* build-debug.xcconfig */;
			buildSettings = {
				ALWAYS_SEARCH_USER_PATHS = NO;
				ASSETCATALOG_COMPILER_APPICON_NAME = AppIcon;
				ASSETCATALOG_COMPILER_LAUNCHIMAGE_NAME = LaunchImage;
				CLANG_ENABLE_MODULES = YES;
				CLANG_ENABLE_OBJC_ARC = YES;
				CODE_SIGN_IDENTITY = "iPhone Distribution";
				CODE_SIGN_STYLE = Manual;
				COPY_PHASE_STRIP = NO;
				DEVELOPMENT_TEAM = 9G975UYTYP;
				GCC_DYNAMIC_NO_PIC = NO;
				GCC_OPTIMIZATION_LEVEL = 0;
				GCC_PRECOMPILE_PREFIX_HEADER = YES;
				GCC_PREFIX_HEADER = "Artform platform/Artform platform-Prefix.pch";
				GCC_THUMB_SUPPORT = NO;
				GCC_VERSION = "";
				INFOPLIST_FILE = "Artform platform/Artform platform-Info.plist";
				IPHONEOS_DEPLOYMENT_TARGET = 11.0;
				LD_RUNPATH_SEARCH_PATHS = "@executable_path/Frameworks";
				PRODUCT_BUNDLE_IDENTIFIER = io.artform.com;
				PRODUCT_NAME = "$(TARGET_NAME)";
				PROVISIONING_PROFILE_SPECIFIER = new_distriubution_artform;
				TARGETED_DEVICE_FAMILY = "1,2";
				WK_WEB_VIEW_ONLY = 1;
			};
			name = Debug;
		};
		1D6058950D05DD3E006BFB54 /* Release */ = {
			isa = XCBuildConfiguration;
			baseConfigurationReference = 3047A5101AB8059700498E2A /* build-release.xcconfig */;
			buildSettings = {
				ALWAYS_SEARCH_USER_PATHS = NO;
				ASSETCATALOG_COMPILER_APPICON_NAME = AppIcon;
				ASSETCATALOG_COMPILER_LAUNCHIMAGE_NAME = LaunchImage;
				CLANG_ENABLE_MODULES = YES;
				CLANG_ENABLE_OBJC_ARC = YES;
				CODE_SIGN_IDENTITY = "iPhone Distribution";
				CODE_SIGN_STYLE = Manual;
				COPY_PHASE_STRIP = YES;
				DEVELOPMENT_TEAM = 9G975UYTYP;
				GCC_PRECOMPILE_PREFIX_HEADER = YES;
				GCC_PREFIX_HEADER = "Artform platform/Artform platform-Prefix.pch";
				GCC_THUMB_SUPPORT = NO;
				GCC_VERSION = "";
				INFOPLIST_FILE = "Artform platform/Artform platform-Info.plist";
				IPHONEOS_DEPLOYMENT_TARGET = 11.0;
				LD_RUNPATH_SEARCH_PATHS = "@executable_path/Frameworks";
				PRODUCT_BUNDLE_IDENTIFIER = io.artform.com;
				PRODUCT_NAME = "$(TARGET_NAME)";
				PROVISIONING_PROFILE_SPECIFIER = new_distriubution_artform;
				TARGETED_DEVICE_FAMILY = "1,2";
				WK_WEB_VIEW_ONLY = 1;
			};
			name = Release;
		};
		C01FCF4F08A954540054247B /* Debug */ = {
			isa = XCBuildConfiguration;
			baseConfigurationReference = 3047A5111AB8059700498E2A /* build.xcconfig */;
			buildSettings = {
				CLANG_ENABLE_MODULES = YES;
				CLANG_ENABLE_OBJC_ARC = YES;
				CLANG_WARN_BLOCK_CAPTURE_AUTORELEASING = YES;
				CLANG_WARN_BOOL_CONVERSION = YES;
				CLANG_WARN_COMMA = YES;
				CLANG_WARN_CONSTANT_CONVERSION = YES;
				CLANG_WARN_DEPRECATED_OBJC_IMPLEMENTATIONS = YES;
				CLANG_WARN_EMPTY_BODY = YES;
				CLANG_WARN_ENUM_CONVERSION = YES;
				CLANG_WARN_INFINITE_RECURSION = YES;
				CLANG_WARN_INT_CONVERSION = YES;
				CLANG_WARN_NON_LITERAL_NULL_CONVERSION = YES;
				CLANG_WARN_OBJC_IMPLICIT_RETAIN_SELF = YES;
				CLANG_WARN_OBJC_LITERAL_CONVERSION = YES;
				CLANG_WARN_RANGE_LOOP_ANALYSIS = YES;
				CLANG_WARN_STRICT_PROTOTYPES = YES;
				CLANG_WARN_SUSPICIOUS_MOVE = YES;
				CLANG_WARN_UNREACHABLE_CODE = YES;
				CLANG_WARN__DUPLICATE_METHOD_MATCH = YES;
				ENABLE_STRICT_OBJC_MSGSEND = YES;
				ENABLE_TESTABILITY = YES;
				GCC_C_LANGUAGE_STANDARD = c99;
				GCC_NO_COMMON_BLOCKS = YES;
				GCC_THUMB_SUPPORT = NO;
				GCC_VERSION = "";
				GCC_WARN_64_TO_32_BIT_CONVERSION = YES;
				GCC_WARN_ABOUT_RETURN_TYPE = YES;
				GCC_WARN_UNDECLARED_SELECTOR = YES;
				GCC_WARN_UNINITIALIZED_AUTOS = YES;
				GCC_WARN_UNUSED_FUNCTION = YES;
				GCC_WARN_UNUSED_VARIABLE = YES;
				IPHONEOS_DEPLOYMENT_TARGET = 11.0;
				ONLY_ACTIVE_ARCH = YES;
				PRODUCT_BUNDLE_IDENTIFIER = io.artform.com;
				SDKROOT = iphoneos;
				SKIP_INSTALL = NO;
				WK_WEB_VIEW_ONLY = 1;
			};
			name = Debug;
		};
		C01FCF5008A954540054247B /* Release */ = {
			isa = XCBuildConfiguration;
			baseConfigurationReference = 3047A5111AB8059700498E2A /* build.xcconfig */;
			buildSettings = {
				CLANG_ENABLE_MODULES = YES;
				CLANG_ENABLE_OBJC_ARC = YES;
				CLANG_WARN_BLOCK_CAPTURE_AUTORELEASING = YES;
				CLANG_WARN_BOOL_CONVERSION = YES;
				CLANG_WARN_COMMA = YES;
				CLANG_WARN_CONSTANT_CONVERSION = YES;
				CLANG_WARN_DEPRECATED_OBJC_IMPLEMENTATIONS = YES;
				CLANG_WARN_EMPTY_BODY = YES;
				CLANG_WARN_ENUM_CONVERSION = YES;
				CLANG_WARN_INFINITE_RECURSION = YES;
				CLANG_WARN_INT_CONVERSION = YES;
				CLANG_WARN_NON_LITERAL_NULL_CONVERSION = YES;
				CLANG_WARN_OBJC_IMPLICIT_RETAIN_SELF = YES;
				CLANG_WARN_OBJC_LITERAL_CONVERSION = YES;
				CLANG_WARN_RANGE_LOOP_ANALYSIS = YES;
				CLANG_WARN_STRICT_PROTOTYPES = YES;
				CLANG_WARN_SUSPICIOUS_MOVE = YES;
				CLANG_WARN_UNREACHABLE_CODE = YES;
				CLANG_WARN__DUPLICATE_METHOD_MATCH = YES;
				ENABLE_STRICT_OBJC_MSGSEND = YES;
				GCC_C_LANGUAGE_STANDARD = c99;
				GCC_NO_COMMON_BLOCKS = YES;
				GCC_THUMB_SUPPORT = NO;
				GCC_VERSION = "";
				GCC_WARN_64_TO_32_BIT_CONVERSION = YES;
				GCC_WARN_ABOUT_RETURN_TYPE = YES;
				GCC_WARN_UNDECLARED_SELECTOR = YES;
				GCC_WARN_UNINITIALIZED_AUTOS = YES;
				GCC_WARN_UNUSED_FUNCTION = YES;
				GCC_WARN_UNUSED_VARIABLE = YES;
				IPHONEOS_DEPLOYMENT_TARGET = 11.0;
				PRODUCT_BUNDLE_IDENTIFIER = io.artform.com;
				SDKROOT = iphoneos;
				SKIP_INSTALL = NO;
				WK_WEB_VIEW_ONLY = 1;
			};
			name = Release;
		};
/* End XCBuildConfiguration section */

/* Begin XCConfigurationList section */
		1D6058960D05DD3E006BFB54 /* Build configuration list for PBXNativeTarget "Artform platform" */ = {
			isa = XCConfigurationList;
			buildConfigurations = (
				1D6058940D05DD3E006BFB54 /* Debug */,
				1D6058950D05DD3E006BFB54 /* Release */,
			);
			defaultConfigurationIsVisible = 0;
			defaultConfigurationName = Release;
		};
		C01FCF4E08A954540054247B /* Build configuration list for PBXProject "Artform platform" */ = {
			isa = XCConfigurationList;
			buildConfigurations = (
				C01FCF4F08A954540054247B /* Debug */,
				C01FCF5008A954540054247B /* Release */,
			);
			defaultConfigurationIsVisible = 0;
			defaultConfigurationName = Release;
		};
/* End XCConfigurationList section */
	};
	rootObject = 29B97313FDCFA39411CA2CEA /* Project object */;
}
