// !$*UTF8*$!
{
	archiveVersion = 1;
	classes = {
	};
	objectVersion = 46;
	objects = {

/* Begin PBXBuildFile section */
		0207DA581B56EA530066E2B4 /* Images.xcassets in Resources */ = {isa = PBXBuildFile; fileRef = 0207DA571B56EA530066E2B4 /* Images.xcassets */; };
		03DD0200E8B043C5A22F3553 /* NSString+SSURLEncoding.m in Sources */ = {isa = PBXBuildFile; fileRef = FDA292C93D3341128338B376 /* NSString+SSURLEncoding.m */; };
		0D666B8EF38147E5B2D34880 /* AFURLSessionManager.m in Sources */ = {isa = PBXBuildFile; fileRef = F21EBA8F96F944EFA3A7D822 /* AFURLSessionManager.m */; };
		0E77F8EFA0BB47798503B07D /* AFURLResponseSerialization.m in Sources */ = {isa = PBXBuildFile; fileRef = 7C019B95E7384F4185348A55 /* AFURLResponseSerialization.m */; };
		13BA9391F1684DCD94FC7F6C /* OneSignalPush.m in Sources */ = {isa = PBXBuildFile; fileRef = 1141B43849C04AED8145966A /* OneSignalPush.m */; };
		15A5DCDA0D1548FBBA8E4978 /* CDVViewController+SplashScreen.m in Sources */ = {isa = PBXBuildFile; fileRef = 0E42D7F3521C43F192541E87 /* CDVViewController+SplashScreen.m */; };
		19BB2336642F4B07BADEFB4C /* UIImage+CropScaleOrientation.m in Sources */ = {isa = PBXBuildFile; fileRef = 706BB6CEB3CF48CE92BEB08A /* UIImage+CropScaleOrientation.m */; };
		1A6496BE100B4EA98174531A /* CDVFileTransfer.m in Sources */ = {isa = PBXBuildFile; fileRef = 04DC2E60D8984F3ABED82191 /* CDVFileTransfer.m */; };
		1B8689C478644DAA9DC6B93B /* CoreLocation.framework in Frameworks */ = {isa = PBXBuildFile; fileRef = C8C8EAEB2C184C318F00D9DF /* CoreLocation.framework */; };
		1D04B39240AD4096B2F1B675 /* SocialSharing.m in Sources */ = {isa = PBXBuildFile; fileRef = F17059259BB846B3BA30D416 /* SocialSharing.m */; };
		1D3623260D0F684500981E51 /* AppDelegate.m in Sources */ = {isa = PBXBuildFile; fileRef = 1D3623250D0F684500981E51 /* AppDelegate.m */; };
		1D41F1AE40FA4180B06B7A73 /* CDVDevice.m in Sources */ = {isa = PBXBuildFile; fileRef = 5F51104A66D943A98501CA9B /* CDVDevice.m */; };
		1D60589B0D05DD56006BFB54 /* main.m in Sources */ = {isa = PBXBuildFile; fileRef = 29B97316FDCFA39411CA2CEA /* main.m */; };
		2398B2CCC81E42C09F9C03EA /* ImageIO.framework in Frameworks */ = {isa = PBXBuildFile; fileRef = 487C23F6BD2A42CA883C3381 /* ImageIO.framework */; settings = {ATTRIBUTES = (Weak, ); }; };
		2F6855ADE1194BFFBFB71B87 /* CordovaHttpPlugin.m in Sources */ = {isa = PBXBuildFile; fileRef = 59C9D62D29B8455DBA1877F0 /* CordovaHttpPlugin.m */; };
		301BF552109A68D80062928A /* libCordova.a in Frameworks */ = {isa = PBXBuildFile; fileRef = 301BF535109A57CC0062928A /* libCordova.a */; settings = {ATTRIBUTES = (Required, ); }; };
		302D95F114D2391D003F00A1 /* MainViewController.m in Sources */ = {isa = PBXBuildFile; fileRef = 302D95EF14D2391D003F00A1 /* MainViewController.m */; };
		302D95F214D2391D003F00A1 /* MainViewController.xib in Resources */ = {isa = PBXBuildFile; fileRef = 302D95F014D2391D003F00A1 /* MainViewController.xib */; };
		335FAB4F4AEF4688B1FFD34C /* TextRequestSerializer.m in Sources */ = {isa = PBXBuildFile; fileRef = D8FBF563864A4E6B849DA5E2 /* TextRequestSerializer.m */; };
		3A6F0856A142440890EC69B0 /* CDVUIInAppBrowser.m in Sources */ = {isa = PBXBuildFile; fileRef = 90CE98067C3A42DD9F67F02D /* CDVUIInAppBrowser.m */; };
		3EFED7CB2F5F419CB826DAB3 /* MessageUI.framework in Frameworks */ = {isa = PBXBuildFile; fileRef = D8AE66F850C546C082E994F6 /* MessageUI.framework */; settings = {ATTRIBUTES = (Weak, ); }; };
		3F2CC4BE86E54BB0A77820CF /* CDVJpegHeaderWriter.m in Sources */ = {isa = PBXBuildFile; fileRef = 89144920A83D48C98066FE6B /* CDVJpegHeaderWriter.m */; };
		42FF6A756DAD40C8869FA054 /* CDVLocalFilesystem.m in Sources */ = {isa = PBXBuildFile; fileRef = 11F78E55BDFE4F579575610F /* CDVLocalFilesystem.m */; };
		48DE6ED873624471B3AC7D3F /* BinaryResponseSerializer.m in Sources */ = {isa = PBXBuildFile; fileRef = 55589E25C41E489AA642D37B /* BinaryResponseSerializer.m */; };
		4A2982B9D3B14A8383AAB68C /* TextResponseSerializer.m in Sources */ = {isa = PBXBuildFile; fileRef = FE3A3587FD2E4CC884A761B0 /* TextResponseSerializer.m */; };
		4F9B1D61BCB54B069C4F80D3 /* BranchSDK.m in Sources */ = {isa = PBXBuildFile; fileRef = A19904F17553460F982119B8 /* BranchSDK.m */; };
		589EE4F3C61944848D3A5F3D /* CDVWKWebViewUIDelegate.m in Sources */ = {isa = PBXBuildFile; fileRef = F41DB4612DF2432CB377E74C /* CDVWKWebViewUIDelegate.m */; };
		61F9B7CA1456486191A9FB09 /* Social.framework in Frameworks */ = {isa = PBXBuildFile; fileRef = 84539C5091AF47C7A91798ED /* Social.framework */; settings = {ATTRIBUTES = (Weak, ); }; };
		64BB67BC172B48E3B23C3A00 /* BinaryRequestSerializer.m in Sources */ = {isa = PBXBuildFile; fileRef = FA6A63DDB03B447097F5EE57 /* BinaryRequestSerializer.m */; };
		697B59847626726F54E87E9A /* Pods_Artform_platform.framework in Frameworks */ = {isa = PBXBuildFile; fileRef = 094A314F0826BB59C7BC75D5 /* Pods_Artform_platform.framework */; };
		6AFF5BF91D6E424B00AB3073 /* CDVLaunchScreen.storyboard in Resources */ = {isa = PBXBuildFile; fileRef = 6AFF5BF81D6E424B00AB3073 /* CDVLaunchScreen.storyboard */; };
		71B376CBA93F4F1FBF75E280 /* AVFoundation.framework in Frameworks */ = {isa = PBXBuildFile; fileRef = DA43414FA3D247E49F080687 /* AVFoundation.framework */; };
		72B34DD76799439C84360B9E /* UICKeyChainStore.m in Sources */ = {isa = PBXBuildFile; fileRef = 83F45850717D47CAA87C6626 /* UICKeyChainStore.m */; };
		74F90A9CEC3C4065A2080934 /* CDVInAppBrowserNavigationController.m in Sources */ = {isa = PBXBuildFile; fileRef = 2AA7A6285292479F81C9560E /* CDVInAppBrowserNavigationController.m */; };
		7BAA0A7DC1FA4705B7FDE68F /* AFNetworkReachabilityManager.m in Sources */ = {isa = PBXBuildFile; fileRef = C7BB6847E3B94A718EEA9782 /* AFNetworkReachabilityManager.m */; };
		8948CAC9BD4D41A0BDF45E6E /* CDVInAppBrowser.m in Sources */ = {isa = PBXBuildFile; fileRef = 66D1F27A3E1546D490233D06 /* CDVInAppBrowser.m */; };
		89F0C29589B841FE923C0473 /* AppDelegate+BranchSdk.m in Sources */ = {isa = PBXBuildFile; fileRef = 2E6E6E200608410883DEBB92 /* AppDelegate+BranchSdk.m */; };
		90A825F46F314C6E8900DB39 /* SDNetworkActivityIndicator.m in Sources */ = {isa = PBXBuildFile; fileRef = 5B70A2606AF84E869AF3A651 /* SDNetworkActivityIndicator.m */; };
		9BD14345A27D42FAB645B64B /* IONAssetHandler.m in Sources */ = {isa = PBXBuildFile; fileRef = 5B6EEE71CA0942F8A75DA9A4 /* IONAssetHandler.m */; };
		9C42614B9D9C48B2AC694D9A /* CDVWKWebViewEngine.m in Sources */ = {isa = PBXBuildFile; fileRef = 93704A91FEAC4D129D7D30ED /* CDVWKWebViewEngine.m */; };
		9FCDCBBA17314655AF08E37F /* AFHTTPSessionManager.m in Sources */ = {isa = PBXBuildFile; fileRef = E71857B5F2E14A8E8C37B776 /* AFHTTPSessionManager.m */; };
		A32DD733E84C4F0E81564347 /* AFURLRequestSerialization.m in Sources */ = {isa = PBXBuildFile; fileRef = CFC7CADB0F1E4D89B5F0DD38 /* AFURLRequestSerialization.m */; };
		B40739C5F5FD4D7AB043B8DF /* CDVCamera.m in Sources */ = {isa = PBXBuildFile; fileRef = F48092DD926F47C49120DE1D /* CDVCamera.m */; };
		B886BFDBC68A4877A35D173D /* CDVInAppBrowserOptions.m in Sources */ = {isa = PBXBuildFile; fileRef = 6BBAB22F38204810AC11046A /* CDVInAppBrowserOptions.m */; };
		BAE37BF9A7494B0A8D675A1F /* FilePicker.m in Sources */ = {isa = PBXBuildFile; fileRef = 37EB7A513F6644EBA88AB7CD /* FilePicker.m */; };
		BB0EC84CD2E944F6B513B1B7 /* CDVWKProcessPoolFactory.m in Sources */ = {isa = PBXBuildFile; fileRef = A5B3E773C4854B0EA60620EA /* CDVWKProcessPoolFactory.m */; };
		CFB2893F83D649B5B9809AF0 /* CDVSplashScreen.m in Sources */ = {isa = PBXBuildFile; fileRef = 05BFA7560AC94947BC8DC4EC /* CDVSplashScreen.m */; };
		D32FD11744614262978B166B /* WebKit.framework in Frameworks */ = {isa = PBXBuildFile; fileRef = 4353E8DB50414964B795B785 /* WebKit.framework */; settings = {ATTRIBUTES = (Weak, ); }; };
		D7C2FF75DF8245B0A1E6AE96 /* CDVFile.m in Sources */ = {isa = PBXBuildFile; fileRef = EB030624F11C495E9C37CB17 /* CDVFile.m */; };
		DBAA04A73E054DC2BD266D30 /* CDVWKInAppBrowserUIDelegate.m in Sources */ = {isa = PBXBuildFile; fileRef = 27C19CF827C74ECF90BF9A86 /* CDVWKInAppBrowserUIDelegate.m */; };
		E00098EE93E94C17BCBAC8E8 /* SystemConfiguration.framework in Frameworks */ = {isa = PBXBuildFile; fileRef = AB11D38A8C2549DB98288702 /* SystemConfiguration.framework */; };
		E0AAF76D1EAD432DAC330845 /* FacebookConnectPlugin.m in Sources */ = {isa = PBXBuildFile; fileRef = 3EE2D9241CBB4358A8A86543 /* FacebookConnectPlugin.m */; };
		E63DA45866FF4ADBAAB39E91 /* CDVWKInAppBrowser.m in Sources */ = {isa = PBXBuildFile; fileRef = EEAA249C768341E4809B239E /* CDVWKInAppBrowser.m */; };
		E65EE70343FE40378504BE48 /* CDVAssetLibraryFilesystem.m in Sources */ = {isa = PBXBuildFile; fileRef = 09B2428160F54E0B987F8008 /* CDVAssetLibraryFilesystem.m */; };
		F75F3913A2034384B3CC1A6B /* CDVUniqueDeviceID.m in Sources */ = {isa = PBXBuildFile; fileRef = 396FD4EEF14842AFB705437D /* CDVUniqueDeviceID.m */; };
		F9BA88B1EF6B4462BF282752 /* Security.framework in Frameworks */ = {isa = PBXBuildFile; fileRef = D415805283A34CA29A8F4F46 /* Security.framework */; };
		F9DB9F9D779F4BB1BFEB0AC7 /* AFSecurityPolicy.m in Sources */ = {isa = PBXBuildFile; fileRef = 1A8C2939212C452982A17C5B /* AFSecurityPolicy.m */; };
/* End PBXBuildFile section */

/* Begin PBXContainerItemProxy section */
		301BF534109A57CC0062928A /* PBXContainerItemProxy */ = {
			isa = PBXContainerItemProxy;
			containerPortal = 301BF52D109A57CC0062928A /* CordovaLib.xcodeproj */;
			proxyType = 2;
			remoteGlobalIDString = D2AAC07E0554694100DB518D;
			remoteInfo = CordovaLib;
		};
		301BF550109A68C00062928A /* PBXContainerItemProxy */ = {
			isa = PBXContainerItemProxy;
			containerPortal = 301BF52D109A57CC0062928A /* CordovaLib.xcodeproj */;
			proxyType = 1;
			remoteGlobalIDString = D2AAC07D0554694100DB518D;
			remoteInfo = CordovaLib;
		};
		907D8123214C687600058A10 /* PBXContainerItemProxy */ = {
			isa = PBXContainerItemProxy;
			containerPortal = 301BF52D109A57CC0062928A /* CordovaLib.xcodeproj */;
			proxyType = 2;
			remoteGlobalIDString = C0C01EB21E3911D50056E6CB;
			remoteInfo = Cordova;
		};
/* End PBXContainerItemProxy section */

/* Begin PBXFileReference section */
		0207DA571B56EA530066E2B4 /* Images.xcassets */ = {isa = PBXFileReference; lastKnownFileType = folder.assetcatalog; name = Images.xcassets; path = "Artform platform/Images.xcassets"; sourceTree = SOURCE_ROOT; };
		041B74EBBE1846CC963B97F3 /* CDVAssetLibraryFilesystem.h */ = {isa = PBXFileReference; explicitFileType = undefined; fileEncoding = 4; includeInIndex = 0; lastKnownFileType = sourcecode.c.h; name = CDVAssetLibraryFilesystem.h; path = "cordova-plugin-file/CDVAssetLibraryFilesystem.h"; sourceTree = "<group>"; };
		04DC2E60D8984F3ABED82191 /* CDVFileTransfer.m */ = {isa = PBXFileReference; explicitFileType = undefined; fileEncoding = 4; includeInIndex = 0; lastKnownFileType = sourcecode.c.objc; name = CDVFileTransfer.m; path = "cordova-plugin-file-transfer/CDVFileTransfer.m"; sourceTree = "<group>"; };
		05905A9693E64C3D95F66DF2 /* CDVJpegHeaderWriter.h */ = {isa = PBXFileReference; explicitFileType = undefined; fileEncoding = 4; includeInIndex = 0; lastKnownFileType = sourcecode.c.h; name = CDVJpegHeaderWriter.h; path = "cordova-plugin-camera/CDVJpegHeaderWriter.h"; sourceTree = "<group>"; };
		05BFA7560AC94947BC8DC4EC /* CDVSplashScreen.m */ = {isa = PBXFileReference; explicitFileType = undefined; fileEncoding = 4; includeInIndex = 0; lastKnownFileType = sourcecode.c.objc; name = CDVSplashScreen.m; path = "cordova-plugin-splashscreen/CDVSplashScreen.m"; sourceTree = "<group>"; };
		08752AE514344CC5B3F9E4AA /* CDVWKWebViewEngine.h */ = {isa = PBXFileReference; explicitFileType = undefined; fileEncoding = 4; includeInIndex = 0; lastKnownFileType = sourcecode.c.h; name = CDVWKWebViewEngine.h; path = "cordova-plugin-ionic-webview/CDVWKWebViewEngine.h"; sourceTree = "<group>"; };
		094A314F0826BB59C7BC75D5 /* Pods_Artform_platform.framework */ = {isa = PBXFileReference; explicitFileType = wrapper.framework; includeInIndex = 0; path = Pods_Artform_platform.framework; sourceTree = BUILT_PRODUCTS_DIR; };
		09B2428160F54E0B987F8008 /* CDVAssetLibraryFilesystem.m */ = {isa = PBXFileReference; explicitFileType = undefined; fileEncoding = 4; includeInIndex = 0; lastKnownFileType = sourcecode.c.objc; name = CDVAssetLibraryFilesystem.m; path = "cordova-plugin-file/CDVAssetLibraryFilesystem.m"; sourceTree = "<group>"; };
		0A5ECF43C142964283B023EE /* Pods-Artform platform.release.xcconfig */ = {isa = PBXFileReference; includeInIndex = 1; lastKnownFileType = text.xcconfig; name = "Pods-Artform platform.release.xcconfig"; path = "Target Support Files/Pods-Artform platform/Pods-Artform platform.release.xcconfig"; sourceTree = "<group>"; };
		0E42D7F3521C43F192541E87 /* CDVViewController+SplashScreen.m */ = {isa = PBXFileReference; explicitFileType = undefined; fileEncoding = 4; includeInIndex = 0; lastKnownFileType = sourcecode.c.objc; name = "CDVViewController+SplashScreen.m"; path = "cordova-plugin-splashscreen/CDVViewController+SplashScreen.m"; sourceTree = "<group>"; };
		1141B43849C04AED8145966A /* OneSignalPush.m */ = {isa = PBXFileReference; explicitFileType = undefined; fileEncoding = 4; includeInIndex = 0; lastKnownFileType = sourcecode.c.objc; name = OneSignalPush.m; path = "onesignal-cordova-plugin/OneSignalPush.m"; sourceTree = "<group>"; };
		115A73F8FC2F4AA9924A6DE6 /* AFHTTPSessionManager.h */ = {isa = PBXFileReference; explicitFileType = undefined; fileEncoding = 4; includeInIndex = 0; lastKnownFileType = sourcecode.c.h; name = AFHTTPSessionManager.h; path = "cordova-plugin-advanced-http/AFHTTPSessionManager.h"; sourceTree = "<group>"; };
		11F78E55BDFE4F579575610F /* CDVLocalFilesystem.m */ = {isa = PBXFileReference; explicitFileType = undefined; fileEncoding = 4; includeInIndex = 0; lastKnownFileType = sourcecode.c.objc; name = CDVLocalFilesystem.m; path = "cordova-plugin-file/CDVLocalFilesystem.m"; sourceTree = "<group>"; };
		12FF0CDA172647E8953CE35F /* AFURLResponseSerialization.h */ = {isa = PBXFileReference; explicitFileType = undefined; fileEncoding = 4; includeInIndex = 0; lastKnownFileType = sourcecode.c.h; name = AFURLResponseSerialization.h; path = "cordova-plugin-advanced-http/AFURLResponseSerialization.h"; sourceTree = "<group>"; };
		14E689160F9A431791C7993E /* TextRequestSerializer.h */ = {isa = PBXFileReference; explicitFileType = undefined; fileEncoding = 4; includeInIndex = 0; lastKnownFileType = sourcecode.c.h; name = TextRequestSerializer.h; path = "cordova-plugin-advanced-http/TextRequestSerializer.h"; sourceTree = "<group>"; };
		14E6FEB941794399A3D56177 /* CDVWKInAppBrowserUIDelegate.h */ = {isa = PBXFileReference; explicitFileType = undefined; fileEncoding = 4; includeInIndex = 0; lastKnownFileType = sourcecode.c.h; name = CDVWKInAppBrowserUIDelegate.h; path = "cordova-plugin-inappbrowser/CDVWKInAppBrowserUIDelegate.h"; sourceTree = "<group>"; };
		157C3BA6ED0E491C8331BDE0 /* UIImage+CropScaleOrientation.h */ = {isa = PBXFileReference; explicitFileType = undefined; fileEncoding = 4; includeInIndex = 0; lastKnownFileType = sourcecode.c.h; name = "UIImage+CropScaleOrientation.h"; path = "cordova-plugin-camera/UIImage+CropScaleOrientation.h"; sourceTree = "<group>"; };
		1A8C2939212C452982A17C5B /* AFSecurityPolicy.m */ = {isa = PBXFileReference; explicitFileType = undefined; fileEncoding = 4; includeInIndex = 0; lastKnownFileType = sourcecode.c.objc; name = AFSecurityPolicy.m; path = "cordova-plugin-advanced-http/AFSecurityPolicy.m"; sourceTree = "<group>"; };
		1ACAAC9253044813894C9F41 /* IONAssetHandler.h */ = {isa = PBXFileReference; explicitFileType = undefined; fileEncoding = 4; includeInIndex = 0; lastKnownFileType = sourcecode.c.h; name = IONAssetHandler.h; path = "cordova-plugin-ionic-webview/IONAssetHandler.h"; sourceTree = "<group>"; };
		1D3623240D0F684500981E51 /* AppDelegate.h */ = {isa = PBXFileReference; fileEncoding = 4; lastKnownFileType = sourcecode.c.h; path = AppDelegate.h; sourceTree = "<group>"; };
		1D3623250D0F684500981E51 /* AppDelegate.m */ = {isa = PBXFileReference; fileEncoding = 4; lastKnownFileType = sourcecode.c.objc; path = AppDelegate.m; sourceTree = "<group>"; };
		1D6058910D05DD3D006BFB54 /* Artform platform.app */ = {isa = PBXFileReference; explicitFileType = wrapper.application; includeInIndex = 0; path = "Artform platform.app"; sourceTree = BUILT_PRODUCTS_DIR; };
		1E669AD2C51B42B386278995 /* CDVExif.h */ = {isa = PBXFileReference; explicitFileType = undefined; fileEncoding = 4; includeInIndex = 0; lastKnownFileType = sourcecode.c.h; name = CDVExif.h; path = "cordova-plugin-camera/CDVExif.h"; sourceTree = "<group>"; };
		25F6A6C3000A4BF1BF1C949F /* CDVLocalFilesystem.h */ = {isa = PBXFileReference; explicitFileType = undefined; fileEncoding = 4; includeInIndex = 0; lastKnownFileType = sourcecode.c.h; name = CDVLocalFilesystem.h; path = "cordova-plugin-file/CDVLocalFilesystem.h"; sourceTree = "<group>"; };
		27C19CF827C74ECF90BF9A86 /* CDVWKInAppBrowserUIDelegate.m */ = {isa = PBXFileReference; explicitFileType = undefined; fileEncoding = 4; includeInIndex = 0; lastKnownFileType = sourcecode.c.objc; name = CDVWKInAppBrowserUIDelegate.m; path = "cordova-plugin-inappbrowser/CDVWKInAppBrowserUIDelegate.m"; sourceTree = "<group>"; };
		29B97316FDCFA39411CA2CEA /* main.m */ = {isa = PBXFileReference; fileEncoding = 4; lastKnownFileType = sourcecode.c.objc; path = main.m; sourceTree = "<group>"; };
		2AA7A6285292479F81C9560E /* CDVInAppBrowserNavigationController.m */ = {isa = PBXFileReference; explicitFileType = undefined; fileEncoding = 4; includeInIndex = 0; lastKnownFileType = sourcecode.c.objc; name = CDVInAppBrowserNavigationController.m; path = "cordova-plugin-inappbrowser/CDVInAppBrowserNavigationController.m"; sourceTree = "<group>"; };
		2E6E6E200608410883DEBB92 /* AppDelegate+BranchSdk.m */ = {isa = PBXFileReference; explicitFileType = undefined; fileEncoding = 4; includeInIndex = 0; lastKnownFileType = sourcecode.c.objc; name = "AppDelegate+BranchSdk.m"; path = "branch-cordova-sdk/AppDelegate+BranchSdk.m"; sourceTree = "<group>"; };
		301BF52D109A57CC0062928A /* CordovaLib.xcodeproj */ = {isa = PBXFileReference; lastKnownFileType = "wrapper.pb-project"; name = CordovaLib.xcodeproj; path = CordovaLib/CordovaLib.xcodeproj; sourceTree = "<group>"; };
		301BF56E109A69640062928A /* www */ = {isa = PBXFileReference; lastKnownFileType = folder; path = www; sourceTree = SOURCE_ROOT; };
		302D95EE14D2391D003F00A1 /* MainViewController.h */ = {isa = PBXFileReference; fileEncoding = 4; lastKnownFileType = sourcecode.c.h; path = MainViewController.h; sourceTree = "<group>"; };
		302D95EF14D2391D003F00A1 /* MainViewController.m */ = {isa = PBXFileReference; fileEncoding = 4; lastKnownFileType = sourcecode.c.objc; path = MainViewController.m; sourceTree = "<group>"; };
		302D95F014D2391D003F00A1 /* MainViewController.xib */ = {isa = PBXFileReference; fileEncoding = 4; lastKnownFileType = file.xib; path = MainViewController.xib; sourceTree = "<group>"; };
		3047A50F1AB8059700498E2A /* build-debug.xcconfig */ = {isa = PBXFileReference; fileEncoding = 4; lastKnownFileType = text.xcconfig; name = "build-debug.xcconfig"; path = "cordova/build-debug.xcconfig"; sourceTree = SOURCE_ROOT; };
		3047A5101AB8059700498E2A /* build-release.xcconfig */ = {isa = PBXFileReference; fileEncoding = 4; lastKnownFileType = text.xcconfig; name = "build-release.xcconfig"; path = "cordova/build-release.xcconfig"; sourceTree = SOURCE_ROOT; };
		3047A5111AB8059700498E2A /* build.xcconfig */ = {isa = PBXFileReference; fileEncoding = 4; lastKnownFileType = text.xcconfig; name = build.xcconfig; path = cordova/build.xcconfig; sourceTree = SOURCE_ROOT; };
		32CA4F630368D1EE00C91783 /* Artform platform-Prefix.pch */ = {isa = PBXFileReference; fileEncoding = 4; lastKnownFileType = sourcecode.c.h; path = "Artform platform-Prefix.pch"; sourceTree = "<group>"; };
		37EB7A513F6644EBA88AB7CD /* FilePicker.m */ = {isa = PBXFileReference; explicitFileType = undefined; fileEncoding = 4; includeInIndex = 0; lastKnownFileType = sourcecode.c.objc; name = FilePicker.m; path = "cordova-plugin-filepicker/FilePicker.m"; sourceTree = "<group>"; };
		396FD4EEF14842AFB705437D /* CDVUniqueDeviceID.m */ = {isa = PBXFileReference; explicitFileType = undefined; fileEncoding = 4; includeInIndex = 0; lastKnownFileType = sourcecode.c.objc; name = CDVUniqueDeviceID.m; path = "cordova-plugin-uniquedeviceid/CDVUniqueDeviceID.m"; sourceTree = "<group>"; };
		3E5D68D4A8F9408A830D6A82 /* BinaryRequestSerializer.h */ = {isa = PBXFileReference; explicitFileType = undefined; fileEncoding = 4; includeInIndex = 0; lastKnownFileType = sourcecode.c.h; name = BinaryRequestSerializer.h; path = "cordova-plugin-advanced-http/BinaryRequestSerializer.h"; sourceTree = "<group>"; };
		3EE2D9241CBB4358A8A86543 /* FacebookConnectPlugin.m */ = {isa = PBXFileReference; explicitFileType = undefined; fileEncoding = 4; includeInIndex = 0; lastKnownFileType = sourcecode.c.objc; name = FacebookConnectPlugin.m; path = "cordova-plugin-facebook4/FacebookConnectPlugin.m"; sourceTree = "<group>"; };
		4353E8DB50414964B795B785 /* WebKit.framework */ = {isa = PBXFileReference; explicitFileType = undefined; fileEncoding = 9; includeInIndex = 0; lastKnownFileType = wrapper.framework; name = WebKit.framework; path = System/Library/Frameworks/WebKit.framework; sourceTree = SDKROOT; };
		47B0E4D3E3CC48178C3DD491 /* CDVViewController+SplashScreen.h */ = {isa = PBXFileReference; explicitFileType = undefined; fileEncoding = 4; includeInIndex = 0; lastKnownFileType = sourcecode.c.h; name = "CDVViewController+SplashScreen.h"; path = "cordova-plugin-splashscreen/CDVViewController+SplashScreen.h"; sourceTree = "<group>"; };
		487C23F6BD2A42CA883C3381 /* ImageIO.framework */ = {isa = PBXFileReference; explicitFileType = undefined; fileEncoding = 9; includeInIndex = 0; lastKnownFileType = wrapper.framework; name = ImageIO.framework; path = System/Library/Frameworks/ImageIO.framework; sourceTree = SDKROOT; };
		4D9731BDD3CFA4B4510C0E48 /* Pods-Artform platform.debug.xcconfig */ = {isa = PBXFileReference; includeInIndex = 1; lastKnownFileType = text.xcconfig; name = "Pods-Artform platform.debug.xcconfig"; path = "Target Support Files/Pods-Artform platform/Pods-Artform platform.debug.xcconfig"; sourceTree = "<group>"; };
		5066BD9C2C5A4E59B7DACCF6 /* CDVInAppBrowser.h */ = {isa = PBXFileReference; explicitFileType = undefined; fileEncoding = 4; includeInIndex = 0; lastKnownFileType = sourcecode.c.h; name = CDVInAppBrowser.h; path = "cordova-plugin-inappbrowser/CDVInAppBrowser.h"; sourceTree = "<group>"; };
		55589E25C41E489AA642D37B /* BinaryResponseSerializer.m */ = {isa = PBXFileReference; explicitFileType = undefined; fileEncoding = 4; includeInIndex = 0; lastKnownFileType = sourcecode.c.objc; name = BinaryResponseSerializer.m; path = "cordova-plugin-advanced-http/BinaryResponseSerializer.m"; sourceTree = "<group>"; };
		584085408A4144E5A27FE042 /* AFNetworking.h */ = {isa = PBXFileReference; explicitFileType = undefined; fileEncoding = 4; includeInIndex = 0; lastKnownFileType = sourcecode.c.h; name = AFNetworking.h; path = "cordova-plugin-advanced-http/AFNetworking.h"; sourceTree = "<group>"; };
		59C9D62D29B8455DBA1877F0 /* CordovaHttpPlugin.m */ = {isa = PBXFileReference; explicitFileType = undefined; fileEncoding = 4; includeInIndex = 0; lastKnownFileType = sourcecode.c.objc; name = CordovaHttpPlugin.m; path = "cordova-plugin-advanced-http/CordovaHttpPlugin.m"; sourceTree = "<group>"; };
		5B6EEE71CA0942F8A75DA9A4 /* IONAssetHandler.m */ = {isa = PBXFileReference; explicitFileType = undefined; fileEncoding = 4; includeInIndex = 0; lastKnownFileType = sourcecode.c.objc; name = IONAssetHandler.m; path = "cordova-plugin-ionic-webview/IONAssetHandler.m"; sourceTree = "<group>"; };
		5B70A2606AF84E869AF3A651 /* SDNetworkActivityIndicator.m */ = {isa = PBXFileReference; explicitFileType = undefined; fileEncoding = 4; includeInIndex = 0; lastKnownFileType = sourcecode.c.objc; name = SDNetworkActivityIndicator.m; path = "cordova-plugin-advanced-http/SDNetworkActivityIndicator.m"; sourceTree = "<group>"; };
		5DF363CFC73C4DC293F7E20A /* CDVInAppBrowserNavigationController.h */ = {isa = PBXFileReference; explicitFileType = undefined; fileEncoding = 4; includeInIndex = 0; lastKnownFileType = sourcecode.c.h; name = CDVInAppBrowserNavigationController.h; path = "cordova-plugin-inappbrowser/CDVInAppBrowserNavigationController.h"; sourceTree = "<group>"; };
		5F51104A66D943A98501CA9B /* CDVDevice.m */ = {isa = PBXFileReference; explicitFileType = undefined; fileEncoding = 4; includeInIndex = 0; lastKnownFileType = sourcecode.c.objc; name = CDVDevice.m; path = "cordova-plugin-device/CDVDevice.m"; sourceTree = "<group>"; };
		5FCA7039B46245869744F543 /* CDVSplashScreen.h */ = {isa = PBXFileReference; explicitFileType = undefined; fileEncoding = 4; includeInIndex = 0; lastKnownFileType = sourcecode.c.h; name = CDVSplashScreen.h; path = "cordova-plugin-splashscreen/CDVSplashScreen.h"; sourceTree = "<group>"; };
		5FFD77127FBD47738CDD3B6E /* CDVCamera.h */ = {isa = PBXFileReference; explicitFileType = undefined; fileEncoding = 4; includeInIndex = 0; lastKnownFileType = sourcecode.c.h; name = CDVCamera.h; path = "cordova-plugin-camera/CDVCamera.h"; sourceTree = "<group>"; };
		63A558A9B9744DEAB339EC87 /* FilePicker.h */ = {isa = PBXFileReference; explicitFileType = undefined; fileEncoding = 4; includeInIndex = 0; lastKnownFileType = sourcecode.c.h; name = FilePicker.h; path = "cordova-plugin-filepicker/FilePicker.h"; sourceTree = "<group>"; };
		669496E8C45D433F9BCCEEE5 /* CDVWKProcessPoolFactory.h */ = {isa = PBXFileReference; explicitFileType = undefined; fileEncoding = 4; includeInIndex = 0; lastKnownFileType = sourcecode.c.h; name = CDVWKProcessPoolFactory.h; path = "cordova-plugin-ionic-webview/CDVWKProcessPoolFactory.h"; sourceTree = "<group>"; };
		66D1F27A3E1546D490233D06 /* CDVInAppBrowser.m */ = {isa = PBXFileReference; explicitFileType = undefined; fileEncoding = 4; includeInIndex = 0; lastKnownFileType = sourcecode.c.objc; name = CDVInAppBrowser.m; path = "cordova-plugin-inappbrowser/CDVInAppBrowser.m"; sourceTree = "<group>"; };
		6AFF5BF81D6E424B00AB3073 /* CDVLaunchScreen.storyboard */ = {isa = PBXFileReference; fileEncoding = 4; lastKnownFileType = file.storyboard; name = CDVLaunchScreen.storyboard; path = "Artform platform/CDVLaunchScreen.storyboard"; sourceTree = SOURCE_ROOT; };
		6BBAB22F38204810AC11046A /* CDVInAppBrowserOptions.m */ = {isa = PBXFileReference; explicitFileType = undefined; fileEncoding = 4; includeInIndex = 0; lastKnownFileType = sourcecode.c.objc; name = CDVInAppBrowserOptions.m; path = "cordova-plugin-inappbrowser/CDVInAppBrowserOptions.m"; sourceTree = "<group>"; };
		6F09DA4B9E874B47A377BE4A /* UICKeyChainStore.h */ = {isa = PBXFileReference; explicitFileType = undefined; fileEncoding = 4; includeInIndex = 0; lastKnownFileType = sourcecode.c.h; name = UICKeyChainStore.h; path = "cordova-plugin-uniquedeviceid/UICKeyChainStore.h"; sourceTree = "<group>"; };
		706BB6CEB3CF48CE92BEB08A /* UIImage+CropScaleOrientation.m */ = {isa = PBXFileReference; explicitFileType = undefined; fileEncoding = 4; includeInIndex = 0; lastKnownFileType = sourcecode.c.objc; name = "UIImage+CropScaleOrientation.m"; path = "cordova-plugin-camera/UIImage+CropScaleOrientation.m"; sourceTree = "<group>"; };
		70FDB28E2A0E4234B86F09F9 /* CordovaHttpPlugin.h */ = {isa = PBXFileReference; explicitFileType = undefined; fileEncoding = 4; includeInIndex = 0; lastKnownFileType = sourcecode.c.h; name = CordovaHttpPlugin.h; path = "cordova-plugin-advanced-http/CordovaHttpPlugin.h"; sourceTree = "<group>"; };
		73EEFDE4E3A64AF4BA07A59A /* CDVUIInAppBrowser.h */ = {isa = PBXFileReference; explicitFileType = undefined; fileEncoding = 4; includeInIndex = 0; lastKnownFileType = sourcecode.c.h; name = CDVUIInAppBrowser.h; path = "cordova-plugin-inappbrowser/CDVUIInAppBrowser.h"; sourceTree = "<group>"; };
		7C019B95E7384F4185348A55 /* AFURLResponseSerialization.m */ = {isa = PBXFileReference; explicitFileType = undefined; fileEncoding = 4; includeInIndex = 0; lastKnownFileType = sourcecode.c.objc; name = AFURLResponseSerialization.m; path = "cordova-plugin-advanced-http/AFURLResponseSerialization.m"; sourceTree = "<group>"; };
		7FD85867687A4C5EB1B1E402 /* AFNetworkReachabilityManager.h */ = {isa = PBXFileReference; explicitFileType = undefined; fileEncoding = 4; includeInIndex = 0; lastKnownFileType = sourcecode.c.h; name = AFNetworkReachabilityManager.h; path = "cordova-plugin-advanced-http/AFNetworkReachabilityManager.h"; sourceTree = "<group>"; };
		80B5CADD7CE44366A5712A2E /* AFURLSessionManager.h */ = {isa = PBXFileReference; explicitFileType = undefined; fileEncoding = 4; includeInIndex = 0; lastKnownFileType = sourcecode.c.h; name = AFURLSessionManager.h; path = "cordova-plugin-advanced-http/AFURLSessionManager.h"; sourceTree = "<group>"; };
		83F45850717D47CAA87C6626 /* UICKeyChainStore.m */ = {isa = PBXFileReference; explicitFileType = undefined; fileEncoding = 4; includeInIndex = 0; lastKnownFileType = sourcecode.c.objc; name = UICKeyChainStore.m; path = "cordova-plugin-uniquedeviceid/UICKeyChainStore.m"; sourceTree = "<group>"; };
		84539C5091AF47C7A91798ED /* Social.framework */ = {isa = PBXFileReference; explicitFileType = undefined; fileEncoding = 9; includeInIndex = 0; lastKnownFileType = wrapper.framework; name = Social.framework; path = System/Library/Frameworks/Social.framework; sourceTree = SDKROOT; };
		89144920A83D48C98066FE6B /* CDVJpegHeaderWriter.m */ = {isa = PBXFileReference; explicitFileType = undefined; fileEncoding = 4; includeInIndex = 0; lastKnownFileType = sourcecode.c.objc; name = CDVJpegHeaderWriter.m; path = "cordova-plugin-camera/CDVJpegHeaderWriter.m"; sourceTree = "<group>"; };
		8D1107310486CEB800E47090 /* Artform platform-Info.plist */ = {isa = PBXFileReference; fileEncoding = 4; lastKnownFileType = text.plist.xml; name = "Artform platform-Info.plist"; path = "Artform platform/Artform platform-Info.plist"; plistStructureDefinitionIdentifier = "com.apple.xcode.plist.structure-definition.iphone.info-plist"; sourceTree = SOURCE_ROOT; };
		8E560FCAED434D9EAACAB81A /* SDNetworkActivityIndicator.h */ = {isa = PBXFileReference; explicitFileType = undefined; fileEncoding = 4; includeInIndex = 0; lastKnownFileType = sourcecode.c.h; name = SDNetworkActivityIndicator.h; path = "cordova-plugin-advanced-http/SDNetworkActivityIndicator.h"; sourceTree = "<group>"; };
		90CE98067C3A42DD9F67F02D /* CDVUIInAppBrowser.m */ = {isa = PBXFileReference; explicitFileType = undefined; fileEncoding = 4; includeInIndex = 0; lastKnownFileType = sourcecode.c.objc; name = CDVUIInAppBrowser.m; path = "cordova-plugin-inappbrowser/CDVUIInAppBrowser.m"; sourceTree = "<group>"; };
		93704A91FEAC4D129D7D30ED /* CDVWKWebViewEngine.m */ = {isa = PBXFileReference; explicitFileType = undefined; fileEncoding = 4; includeInIndex = 0; lastKnownFileType = sourcecode.c.objc; name = CDVWKWebViewEngine.m; path = "cordova-plugin-ionic-webview/CDVWKWebViewEngine.m"; sourceTree = "<group>"; };
		9827E5489C394341BDC916AA /* CDVInAppBrowserOptions.h */ = {isa = PBXFileReference; explicitFileType = undefined; fileEncoding = 4; includeInIndex = 0; lastKnownFileType = sourcecode.c.h; name = CDVInAppBrowserOptions.h; path = "cordova-plugin-inappbrowser/CDVInAppBrowserOptions.h"; sourceTree = "<group>"; };
		A19904F17553460F982119B8 /* BranchSDK.m */ = {isa = PBXFileReference; explicitFileType = undefined; fileEncoding = 4; includeInIndex = 0; lastKnownFileType = sourcecode.c.objc; name = BranchSDK.m; path = "branch-cordova-sdk/BranchSDK.m"; sourceTree = "<group>"; };
		A2645B55A6094567ADFC0B5B /* CDVWKWebViewUIDelegate.h */ = {isa = PBXFileReference; explicitFileType = undefined; fileEncoding = 4; includeInIndex = 0; lastKnownFileType = sourcecode.c.h; name = CDVWKWebViewUIDelegate.h; path = "cordova-plugin-ionic-webview/CDVWKWebViewUIDelegate.h"; sourceTree = "<group>"; };
		A5B3E773C4854B0EA60620EA /* CDVWKProcessPoolFactory.m */ = {isa = PBXFileReference; explicitFileType = undefined; fileEncoding = 4; includeInIndex = 0; lastKnownFileType = sourcecode.c.objc; name = CDVWKProcessPoolFactory.m; path = "cordova-plugin-ionic-webview/CDVWKProcessPoolFactory.m"; sourceTree = "<group>"; };
		AB11D38A8C2549DB98288702 /* SystemConfiguration.framework */ = {isa = PBXFileReference; explicitFileType = undefined; fileEncoding = 9; includeInIndex = 0; lastKnownFileType = wrapper.framework; name = SystemConfiguration.framework; path = System/Library/Frameworks/SystemConfiguration.framework; sourceTree = SDKROOT; };
		B1C803D0AC7D412C9AA2D50D /* OneSignalPush.h */ = {isa = PBXFileReference; explicitFileType = undefined; fileEncoding = 4; includeInIndex = 0; lastKnownFileType = sourcecode.c.h; name = OneSignalPush.h; path = "onesignal-cordova-plugin/OneSignalPush.h"; sourceTree = "<group>"; };
		C00775154C954E06BD71A780 /* CDVWKInAppBrowser.h */ = {isa = PBXFileReference; explicitFileType = undefined; fileEncoding = 4; includeInIndex = 0; lastKnownFileType = sourcecode.c.h; name = CDVWKInAppBrowser.h; path = "cordova-plugin-inappbrowser/CDVWKInAppBrowser.h"; sourceTree = "<group>"; };
		C67FF445D0954F89A222041B /* BinaryResponseSerializer.h */ = {isa = PBXFileReference; explicitFileType = undefined; fileEncoding = 4; includeInIndex = 0; lastKnownFileType = sourcecode.c.h; name = BinaryResponseSerializer.h; path = "cordova-plugin-advanced-http/BinaryResponseSerializer.h"; sourceTree = "<group>"; };
		C7BB6847E3B94A718EEA9782 /* AFNetworkReachabilityManager.m */ = {isa = PBXFileReference; explicitFileType = undefined; fileEncoding = 4; includeInIndex = 0; lastKnownFileType = sourcecode.c.objc; name = AFNetworkReachabilityManager.m; path = "cordova-plugin-advanced-http/AFNetworkReachabilityManager.m"; sourceTree = "<group>"; };
		C7D7CA5E40F548F7B1C05758 /* FacebookConnectPlugin.h */ = {isa = PBXFileReference; explicitFileType = undefined; fileEncoding = 4; includeInIndex = 0; lastKnownFileType = sourcecode.c.h; name = FacebookConnectPlugin.h; path = "cordova-plugin-facebook4/FacebookConnectPlugin.h"; sourceTree = "<group>"; };
		C8C8EAEB2C184C318F00D9DF /* CoreLocation.framework */ = {isa = PBXFileReference; explicitFileType = undefined; fileEncoding = 9; includeInIndex = 0; lastKnownFileType = wrapper.framework; name = CoreLocation.framework; path = System/Library/Frameworks/CoreLocation.framework; sourceTree = SDKROOT; };
		CCF9B7F238D74DB88599E2D4 /* BranchNPM.h */ = {isa = PBXFileReference; explicitFileType = undefined; fileEncoding = 4; includeInIndex = 0; lastKnownFileType = sourcecode.c.h; name = BranchNPM.h; path = "branch-cordova-sdk/BranchNPM.h"; sourceTree = "<group>"; };
		CE79D8786D624E79960DE1EE /* BranchSDK.h */ = {isa = PBXFileReference; explicitFileType = undefined; fileEncoding = 4; includeInIndex = 0; lastKnownFileType = sourcecode.c.h; name = BranchSDK.h; path = "branch-cordova-sdk/BranchSDK.h"; sourceTree = "<group>"; };
		CFC7CADB0F1E4D89B5F0DD38 /* AFURLRequestSerialization.m */ = {isa = PBXFileReference; explicitFileType = undefined; fileEncoding = 4; includeInIndex = 0; lastKnownFileType = sourcecode.c.objc; name = AFURLRequestSerialization.m; path = "cordova-plugin-advanced-http/AFURLRequestSerialization.m"; sourceTree = "<group>"; };
		D415805283A34CA29A8F4F46 /* Security.framework */ = {isa = PBXFileReference; explicitFileType = undefined; fileEncoding = 9; includeInIndex = 0; lastKnownFileType = wrapper.framework; name = Security.framework; path = System/Library/Frameworks/Security.framework; sourceTree = SDKROOT; };
		D8AE66F850C546C082E994F6 /* MessageUI.framework */ = {isa = PBXFileReference; explicitFileType = undefined; fileEncoding = 9; includeInIndex = 0; lastKnownFileType = wrapper.framework; name = MessageUI.framework; path = System/Library/Frameworks/MessageUI.framework; sourceTree = SDKROOT; };
		D8FBF563864A4E6B849DA5E2 /* TextRequestSerializer.m */ = {isa = PBXFileReference; explicitFileType = undefined; fileEncoding = 4; includeInIndex = 0; lastKnownFileType = sourcecode.c.objc; name = TextRequestSerializer.m; path = "cordova-plugin-advanced-http/TextRequestSerializer.m"; sourceTree = "<group>"; };
		DA43414FA3D247E49F080687 /* AVFoundation.framework */ = {isa = PBXFileReference; explicitFileType = undefined; fileEncoding = 9; includeInIndex = 0; lastKnownFileType = wrapper.framework; name = AVFoundation.framework; path = System/Library/Frameworks/AVFoundation.framework; sourceTree = SDKROOT; };
		DF8B2A9097804F97A7EE8642 /* SocialSharing.h */ = {isa = PBXFileReference; explicitFileType = undefined; fileEncoding = 4; includeInIndex = 0; lastKnownFileType = sourcecode.c.h; name = SocialSharing.h; path = "cordova-plugin-x-socialsharing/SocialSharing.h"; sourceTree = "<group>"; };
		E6067DBDEC8947FFA4D1A866 /* AFSecurityPolicy.h */ = {isa = PBXFileReference; explicitFileType = undefined; fileEncoding = 4; includeInIndex = 0; lastKnownFileType = sourcecode.c.h; name = AFSecurityPolicy.h; path = "cordova-plugin-advanced-http/AFSecurityPolicy.h"; sourceTree = "<group>"; };
		E71857B5F2E14A8E8C37B776 /* AFHTTPSessionManager.m */ = {isa = PBXFileReference; explicitFileType = undefined; fileEncoding = 4; includeInIndex = 0; lastKnownFileType = sourcecode.c.objc; name = AFHTTPSessionManager.m; path = "cordova-plugin-advanced-http/AFHTTPSessionManager.m"; sourceTree = "<group>"; };
		E873FADCDBBF4687AF693042 /* AFURLRequestSerialization.h */ = {isa = PBXFileReference; explicitFileType = undefined; fileEncoding = 4; includeInIndex = 0; lastKnownFileType = sourcecode.c.h; name = AFURLRequestSerialization.h; path = "cordova-plugin-advanced-http/AFURLRequestSerialization.h"; sourceTree = "<group>"; };
		E96A9ED95B7F473C9D428D7E /* TextResponseSerializer.h */ = {isa = PBXFileReference; explicitFileType = undefined; fileEncoding = 4; includeInIndex = 0; lastKnownFileType = sourcecode.c.h; name = TextResponseSerializer.h; path = "cordova-plugin-advanced-http/TextResponseSerializer.h"; sourceTree = "<group>"; };
		E9CA6591E87048B9ADECE838 /* CDVFileTransfer.h */ = {isa = PBXFileReference; explicitFileType = undefined; fileEncoding = 4; includeInIndex = 0; lastKnownFileType = sourcecode.c.h; name = CDVFileTransfer.h; path = "cordova-plugin-file-transfer/CDVFileTransfer.h"; sourceTree = "<group>"; };
		EB030624F11C495E9C37CB17 /* CDVFile.m */ = {isa = PBXFileReference; explicitFileType = undefined; fileEncoding = 4; includeInIndex = 0; lastKnownFileType = sourcecode.c.objc; name = CDVFile.m; path = "cordova-plugin-file/CDVFile.m"; sourceTree = "<group>"; };
		EB87FDF31871DA8E0020F90C /* www */ = {isa = PBXFileReference; lastKnownFileType = folder; name = www; path = ../../www; sourceTree = "<group>"; };
		EB87FDF41871DAF40020F90C /* config.xml */ = {isa = PBXFileReference; lastKnownFileType = text.xml; name = config.xml; path = ../../config.xml; sourceTree = "<group>"; };
		EC5AE3E8944B401AB142CE45 /* CDVDevice.h */ = {isa = PBXFileReference; explicitFileType = undefined; fileEncoding = 4; includeInIndex = 0; lastKnownFileType = sourcecode.c.h; name = CDVDevice.h; path = "cordova-plugin-device/CDVDevice.h"; sourceTree = "<group>"; };
		ED33DF2A687741AEAF9F8254 /* Bridging-Header.h */ = {isa = PBXFileReference; fileEncoding = 4; lastKnownFileType = sourcecode.c.h; path = "Bridging-Header.h"; sourceTree = "<group>"; };
		EEAA249C768341E4809B239E /* CDVWKInAppBrowser.m */ = {isa = PBXFileReference; explicitFileType = undefined; fileEncoding = 4; includeInIndex = 0; lastKnownFileType = sourcecode.c.objc; name = CDVWKInAppBrowser.m; path = "cordova-plugin-inappbrowser/CDVWKInAppBrowser.m"; sourceTree = "<group>"; };
		F17059259BB846B3BA30D416 /* SocialSharing.m */ = {isa = PBXFileReference; explicitFileType = undefined; fileEncoding = 4; includeInIndex = 0; lastKnownFileType = sourcecode.c.objc; name = SocialSharing.m; path = "cordova-plugin-x-socialsharing/SocialSharing.m"; sourceTree = "<group>"; };
		F21EBA8F96F944EFA3A7D822 /* AFURLSessionManager.m */ = {isa = PBXFileReference; explicitFileType = undefined; fileEncoding = 4; includeInIndex = 0; lastKnownFileType = sourcecode.c.objc; name = AFURLSessionManager.m; path = "cordova-plugin-advanced-http/AFURLSessionManager.m"; sourceTree = "<group>"; };
		F41DB4612DF2432CB377E74C /* CDVWKWebViewUIDelegate.m */ = {isa = PBXFileReference; explicitFileType = undefined; fileEncoding = 4; includeInIndex = 0; lastKnownFileType = sourcecode.c.objc; name = CDVWKWebViewUIDelegate.m; path = "cordova-plugin-ionic-webview/CDVWKWebViewUIDelegate.m"; sourceTree = "<group>"; };
		F460A4915FFF4AAD83BDF90A /* NSString+SSURLEncoding.h */ = {isa = PBXFileReference; explicitFileType = undefined; fileEncoding = 4; includeInIndex = 0; lastKnownFileType = sourcecode.c.h; name = "NSString+SSURLEncoding.h"; path = "cordova-plugin-x-socialsharing/NSString+SSURLEncoding.h"; sourceTree = "<group>"; };
		F48092DD926F47C49120DE1D /* CDVCamera.m */ = {isa = PBXFileReference; explicitFileType = undefined; fileEncoding = 4; includeInIndex = 0; lastKnownFileType = sourcecode.c.objc; name = CDVCamera.m; path = "cordova-plugin-camera/CDVCamera.m"; sourceTree = "<group>"; };
		F840E1F0165FE0F500CFE078 /* config.xml */ = {isa = PBXFileReference; lastKnownFileType = text.xml; name = config.xml; path = "Artform platform/config.xml"; sourceTree = "<group>"; };
		FA6A63DDB03B447097F5EE57 /* BinaryRequestSerializer.m */ = {isa = PBXFileReference; explicitFileType = undefined; fileEncoding = 4; includeInIndex = 0; lastKnownFileType = sourcecode.c.objc; name = BinaryRequestSerializer.m; path = "cordova-plugin-advanced-http/BinaryRequestSerializer.m"; sourceTree = "<group>"; };
		FC0DB097C6474E90BE9E6D40 /* CDVFile.h */ = {isa = PBXFileReference; explicitFileType = undefined; fileEncoding = 4; includeInIndex = 0; lastKnownFileType = sourcecode.c.h; name = CDVFile.h; path = "cordova-plugin-file/CDVFile.h"; sourceTree = "<group>"; };
		FDA292C93D3341128338B376 /* NSString+SSURLEncoding.m */ = {isa = PBXFileReference; explicitFileType = undefined; fileEncoding = 4; includeInIndex = 0; lastKnownFileType = sourcecode.c.objc; name = "NSString+SSURLEncoding.m"; path = "cordova-plugin-x-socialsharing/NSString+SSURLEncoding.m"; sourceTree = "<group>"; };
		FE30F6ACBBB24F93BC2F79E6 /* CDVUniqueDeviceID.h */ = {isa = PBXFileReference; explicitFileType = undefined; fileEncoding = 4; includeInIndex = 0; lastKnownFileType = sourcecode.c.h; name = CDVUniqueDeviceID.h; path = "cordova-plugin-uniquedeviceid/CDVUniqueDeviceID.h"; sourceTree = "<group>"; };
		FE3A3587FD2E4CC884A761B0 /* TextResponseSerializer.m */ = {isa = PBXFileReference; explicitFileType = undefined; fileEncoding = 4; includeInIndex = 0; lastKnownFileType = sourcecode.c.objc; name = TextResponseSerializer.m; path = "cordova-plugin-advanced-http/TextResponseSerializer.m"; sourceTree = "<group>"; };
/* End PBXFileReference section */

/* Begin PBXFrameworksBuildPhase section */
		1D60588F0D05DD3D006BFB54 /* Frameworks */ = {
			isa = PBXFrameworksBuildPhase;
			buildActionMask = 2147483647;
			files = (
				301BF552109A68D80062928A /* libCordova.a in Frameworks */,
				F9BA88B1EF6B4462BF282752 /* Security.framework in Frameworks */,
				E00098EE93E94C17BCBAC8E8 /* SystemConfiguration.framework in Frameworks */,
				2398B2CCC81E42C09F9C03EA /* ImageIO.framework in Frameworks */,
				1B8689C478644DAA9DC6B93B /* CoreLocation.framework in Frameworks */,
				71B376CBA93F4F1FBF75E280 /* AVFoundation.framework in Frameworks */,
				697B59847626726F54E87E9A /* Pods_Artform_platform.framework in Frameworks */,
				D32FD11744614262978B166B /* WebKit.framework in Frameworks */,
				61F9B7CA1456486191A9FB09 /* Social.framework in Frameworks */,
				3EFED7CB2F5F419CB826DAB3 /* MessageUI.framework in Frameworks */,
			);
			runOnlyForDeploymentPostprocessing = 0;
		};
/* End PBXFrameworksBuildPhase section */

/* Begin PBXGroup section */
		080E96DDFE201D6D7F000001 /* Classes */ = {
			isa = PBXGroup;
			children = (
				302D95EE14D2391D003F00A1 /* MainViewController.h */,
				302D95EF14D2391D003F00A1 /* MainViewController.m */,
				302D95F014D2391D003F00A1 /* MainViewController.xib */,
				1D3623240D0F684500981E51 /* AppDelegate.h */,
				1D3623250D0F684500981E51 /* AppDelegate.m */,
			);
			name = Classes;
			path = "Artform platform/Classes";
			sourceTree = SOURCE_ROOT;
		};
		19C28FACFE9D520D11CA2CBB /* Products */ = {
			isa = PBXGroup;
			children = (
				1D6058910D05DD3D006BFB54 /* Artform platform.app */,
			);
			name = Products;
			sourceTree = "<group>";
		};
		29B97314FDCFA39411CA2CEA /* CustomTemplate */ = {
			isa = PBXGroup;
			children = (
				EB87FDF41871DAF40020F90C /* config.xml */,
				EB87FDF31871DA8E0020F90C /* www */,
				EB87FDF11871DA420020F90C /* Staging */,
				301BF52D109A57CC0062928A /* CordovaLib.xcodeproj */,
				080E96DDFE201D6D7F000001 /* Classes */,
				307C750510C5A3420062BCA9 /* Plugins */,
				29B97315FDCFA39411CA2CEA /* Other Sources */,
				29B97317FDCFA39411CA2CEA /* Resources */,
				29B97323FDCFA39411CA2CEA /* Frameworks */,
				19C28FACFE9D520D11CA2CBB /* Products */,
				A6A8F4C73800D7446EEF7852 /* Pods */,
			);
			name = CustomTemplate;
			sourceTree = "<group>";
		};
		29B97315FDCFA39411CA2CEA /* Other Sources */ = {
			isa = PBXGroup;
			children = (
				32CA4F630368D1EE00C91783 /* Artform platform-Prefix.pch */,
				29B97316FDCFA39411CA2CEA /* main.m */,
				ED33DF2A687741AEAF9F8254 /* Bridging-Header.h */,
			);
			name = "Other Sources";
			path = "Artform platform";
			sourceTree = "<group>";
		};
		29B97317FDCFA39411CA2CEA /* Resources */ = {
			isa = PBXGroup;
			children = (
				0207DA571B56EA530066E2B4 /* Images.xcassets */,
				3047A50E1AB8057F00498E2A /* config */,
				8D1107310486CEB800E47090 /* Artform platform-Info.plist */,
				6AFF5BF81D6E424B00AB3073 /* CDVLaunchScreen.storyboard */,
			);
			name = Resources;
			path = "Artform platform/Resources";
			sourceTree = "<group>";
		};
		29B97323FDCFA39411CA2CEA /* Frameworks */ = {
			isa = PBXGroup;
			children = (
				D415805283A34CA29A8F4F46 /* Security.framework */,
				AB11D38A8C2549DB98288702 /* SystemConfiguration.framework */,
				487C23F6BD2A42CA883C3381 /* ImageIO.framework */,
				C8C8EAEB2C184C318F00D9DF /* CoreLocation.framework */,
				DA43414FA3D247E49F080687 /* AVFoundation.framework */,
				094A314F0826BB59C7BC75D5 /* Pods_Artform_platform.framework */,
				4353E8DB50414964B795B785 /* WebKit.framework */,
				84539C5091AF47C7A91798ED /* Social.framework */,
				D8AE66F850C546C082E994F6 /* MessageUI.framework */,
			);
			name = Frameworks;
			sourceTree = "<group>";
		};
		301BF52E109A57CC0062928A /* Products */ = {
			isa = PBXGroup;
			children = (
				301BF535109A57CC0062928A /* libCordova.a */,
				907D8124214C687600058A10 /* Cordova.framework */,
			);
			name = Products;
			sourceTree = "<group>";
		};
		3047A50E1AB8057F00498E2A /* config */ = {
			isa = PBXGroup;
			children = (
				3047A50F1AB8059700498E2A /* build-debug.xcconfig */,
				3047A5101AB8059700498E2A /* build-release.xcconfig */,
				3047A5111AB8059700498E2A /* build.xcconfig */,
			);
			name = config;
			sourceTree = "<group>";
		};
		307C750510C5A3420062BCA9 /* Plugins */ = {
			isa = PBXGroup;
			children = (
				A19904F17553460F982119B8 /* BranchSDK.m */,
				2E6E6E200608410883DEBB92 /* AppDelegate+BranchSdk.m */,
				CCF9B7F238D74DB88599E2D4 /* BranchNPM.h */,
				CE79D8786D624E79960DE1EE /* BranchSDK.h */,
				EB030624F11C495E9C37CB17 /* CDVFile.m */,
				11F78E55BDFE4F579575610F /* CDVLocalFilesystem.m */,
				09B2428160F54E0B987F8008 /* CDVAssetLibraryFilesystem.m */,
				FC0DB097C6474E90BE9E6D40 /* CDVFile.h */,
				25F6A6C3000A4BF1BF1C949F /* CDVLocalFilesystem.h */,
				041B74EBBE1846CC963B97F3 /* CDVAssetLibraryFilesystem.h */,
				59C9D62D29B8455DBA1877F0 /* CordovaHttpPlugin.m */,
				FA6A63DDB03B447097F5EE57 /* BinaryRequestSerializer.m */,
				55589E25C41E489AA642D37B /* BinaryResponseSerializer.m */,
				FE3A3587FD2E4CC884A761B0 /* TextResponseSerializer.m */,
				D8FBF563864A4E6B849DA5E2 /* TextRequestSerializer.m */,
				E71857B5F2E14A8E8C37B776 /* AFHTTPSessionManager.m */,
				C7BB6847E3B94A718EEA9782 /* AFNetworkReachabilityManager.m */,
				1A8C2939212C452982A17C5B /* AFSecurityPolicy.m */,
				CFC7CADB0F1E4D89B5F0DD38 /* AFURLRequestSerialization.m */,
				7C019B95E7384F4185348A55 /* AFURLResponseSerialization.m */,
				F21EBA8F96F944EFA3A7D822 /* AFURLSessionManager.m */,
				5B70A2606AF84E869AF3A651 /* SDNetworkActivityIndicator.m */,
				70FDB28E2A0E4234B86F09F9 /* CordovaHttpPlugin.h */,
				3E5D68D4A8F9408A830D6A82 /* BinaryRequestSerializer.h */,
				C67FF445D0954F89A222041B /* BinaryResponseSerializer.h */,
				E96A9ED95B7F473C9D428D7E /* TextResponseSerializer.h */,
				14E689160F9A431791C7993E /* TextRequestSerializer.h */,
				115A73F8FC2F4AA9924A6DE6 /* AFHTTPSessionManager.h */,
				584085408A4144E5A27FE042 /* AFNetworking.h */,
				7FD85867687A4C5EB1B1E402 /* AFNetworkReachabilityManager.h */,
				E6067DBDEC8947FFA4D1A866 /* AFSecurityPolicy.h */,
				E873FADCDBBF4687AF693042 /* AFURLRequestSerialization.h */,
				12FF0CDA172647E8953CE35F /* AFURLResponseSerialization.h */,
				80B5CADD7CE44366A5712A2E /* AFURLSessionManager.h */,
				8E560FCAED434D9EAACAB81A /* SDNetworkActivityIndicator.h */,
				706BB6CEB3CF48CE92BEB08A /* UIImage+CropScaleOrientation.m */,
				F48092DD926F47C49120DE1D /* CDVCamera.m */,
				89144920A83D48C98066FE6B /* CDVJpegHeaderWriter.m */,
				157C3BA6ED0E491C8331BDE0 /* UIImage+CropScaleOrientation.h */,
				5FFD77127FBD47738CDD3B6E /* CDVCamera.h */,
				05905A9693E64C3D95F66DF2 /* CDVJpegHeaderWriter.h */,
				1E669AD2C51B42B386278995 /* CDVExif.h */,
				5F51104A66D943A98501CA9B /* CDVDevice.m */,
				EC5AE3E8944B401AB142CE45 /* CDVDevice.h */,
				3EE2D9241CBB4358A8A86543 /* FacebookConnectPlugin.m */,
				C7D7CA5E40F548F7B1C05758 /* FacebookConnectPlugin.h */,
				04DC2E60D8984F3ABED82191 /* CDVFileTransfer.m */,
				E9CA6591E87048B9ADECE838 /* CDVFileTransfer.h */,
				37EB7A513F6644EBA88AB7CD /* FilePicker.m */,
				63A558A9B9744DEAB339EC87 /* FilePicker.h */,
				66D1F27A3E1546D490233D06 /* CDVInAppBrowser.m */,
				6BBAB22F38204810AC11046A /* CDVInAppBrowserOptions.m */,
				2AA7A6285292479F81C9560E /* CDVInAppBrowserNavigationController.m */,
				90CE98067C3A42DD9F67F02D /* CDVUIInAppBrowser.m */,
				EEAA249C768341E4809B239E /* CDVWKInAppBrowser.m */,
				27C19CF827C74ECF90BF9A86 /* CDVWKInAppBrowserUIDelegate.m */,
				5066BD9C2C5A4E59B7DACCF6 /* CDVInAppBrowser.h */,
				9827E5489C394341BDC916AA /* CDVInAppBrowserOptions.h */,
				5DF363CFC73C4DC293F7E20A /* CDVInAppBrowserNavigationController.h */,
				73EEFDE4E3A64AF4BA07A59A /* CDVUIInAppBrowser.h */,
				C00775154C954E06BD71A780 /* CDVWKInAppBrowser.h */,
				14E6FEB941794399A3D56177 /* CDVWKInAppBrowserUIDelegate.h */,
				93704A91FEAC4D129D7D30ED /* CDVWKWebViewEngine.m */,
				F41DB4612DF2432CB377E74C /* CDVWKWebViewUIDelegate.m */,
				A5B3E773C4854B0EA60620EA /* CDVWKProcessPoolFactory.m */,
				5B6EEE71CA0942F8A75DA9A4 /* IONAssetHandler.m */,
				08752AE514344CC5B3F9E4AA /* CDVWKWebViewEngine.h */,
				A2645B55A6094567ADFC0B5B /* CDVWKWebViewUIDelegate.h */,
				669496E8C45D433F9BCCEEE5 /* CDVWKProcessPoolFactory.h */,
				1ACAAC9253044813894C9F41 /* IONAssetHandler.h */,
				05BFA7560AC94947BC8DC4EC /* CDVSplashScreen.m */,
				0E42D7F3521C43F192541E87 /* CDVViewController+SplashScreen.m */,
				5FCA7039B46245869744F543 /* CDVSplashScreen.h */,
				47B0E4D3E3CC48178C3DD491 /* CDVViewController+SplashScreen.h */,
				83F45850717D47CAA87C6626 /* UICKeyChainStore.m */,
				396FD4EEF14842AFB705437D /* CDVUniqueDeviceID.m */,
				6F09DA4B9E874B47A377BE4A /* UICKeyChainStore.h */,
				FE30F6ACBBB24F93BC2F79E6 /* CDVUniqueDeviceID.h */,
				FDA292C93D3341128338B376 /* NSString+SSURLEncoding.m */,
				F17059259BB846B3BA30D416 /* SocialSharing.m */,
				F460A4915FFF4AAD83BDF90A /* NSString+SSURLEncoding.h */,
				DF8B2A9097804F97A7EE8642 /* SocialSharing.h */,
				1141B43849C04AED8145966A /* OneSignalPush.m */,
				B1C803D0AC7D412C9AA2D50D /* OneSignalPush.h */,
			);
			name = Plugins;
			path = "Artform platform/Plugins";
			sourceTree = SOURCE_ROOT;
		};
		A6A8F4C73800D7446EEF7852 /* Pods */ = {
			isa = PBXGroup;
			children = (
				4D9731BDD3CFA4B4510C0E48 /* Pods-Artform platform.debug.xcconfig */,
				0A5ECF43C142964283B023EE /* Pods-Artform platform.release.xcconfig */,
			);
			path = Pods;
			sourceTree = "<group>";
		};
		EB87FDF11871DA420020F90C /* Staging */ = {
			isa = PBXGroup;
			children = (
				F840E1F0165FE0F500CFE078 /* config.xml */,
				301BF56E109A69640062928A /* www */,
			);
			name = Staging;
			sourceTree = "<group>";
		};
/* End PBXGroup section */

/* Begin PBXNativeTarget section */
		1D6058900D05DD3D006BFB54 /* Artform platform */ = {
			isa = PBXNativeTarget;
			buildConfigurationList = 1D6058960D05DD3E006BFB54 /* Build configuration list for PBXNativeTarget "Artform platform" */;
			buildPhases = (
				410AE24FE363A5C79D06F15D /* [CP] Check Pods Manifest.lock */,
				304B58A110DAC018002A0835 /* Copy www directory */,
				1D60588D0D05DD3D006BFB54 /* Resources */,
				1D60588E0D05DD3D006BFB54 /* Sources */,
				1D60588F0D05DD3D006BFB54 /* Frameworks */,
				8474EECFFAA00EB1910A29E7 /* [CP] Embed Pods Frameworks */,
			);
			buildRules = (
			);
			dependencies = (
				301BF551109A68C00062928A /* PBXTargetDependency */,
			);
			name = "Artform platform";
			productName = "Artform platform";
			productReference = 1D6058910D05DD3D006BFB54 /* Artform platform.app */;
			productType = "com.apple.product-type.application";
		};
/* End PBXNativeTarget section */

/* Begin PBXProject section */
		29B97313FDCFA39411CA2CEA /* Project object */ = {
			isa = PBXProject;
			attributes = {
				LastUpgradeCheck = 510;
				TargetAttributes = {
					1D6058900D05DD3D006BFB54 = {
						DevelopmentTeam = 9G975UYTYP;
						ProvisioningStyle = Manual;
					};
				};
			};
			buildConfigurationList = C01FCF4E08A954540054247B /* Build configuration list for PBXProject "Artform platform" */;
			compatibilityVersion = "Xcode 3.2";
			developmentRegion = English;
			hasScannedForEncodings = 1;
			knownRegions = (
				en,
			);
			mainGroup = 29B97314FDCFA39411CA2CEA /* CustomTemplate */;
			productRefGroup = 19C28FACFE9D520D11CA2CBB /* Products */;
			projectDirPath = "";
			projectReferences = (
				{
					ProductGroup = 301BF52E109A57CC0062928A /* Products */;
					ProjectRef = 301BF52D109A57CC0062928A /* CordovaLib.xcodeproj */;
				},
			);
			projectRoot = "";
			targets = (
				1D6058900D05DD3D006BFB54 /* Artform platform */,
			);
		};
/* End PBXProject section */

/* Begin PBXReferenceProxy section */
		301BF535109A57CC0062928A /* libCordova.a */ = {
			isa = PBXReferenceProxy;
			fileType = archive.ar;
			path = libCordova.a;
			remoteRef = 301BF534109A57CC0062928A /* PBXContainerItemProxy */;
			sourceTree = BUILT_PRODUCTS_DIR;
		};
		907D8124214C687600058A10 /* Cordova.framework */ = {
			isa = PBXReferenceProxy;
			fileType = wrapper.framework;
			path = Cordova.framework;
			remoteRef = 907D8123214C687600058A10 /* PBXContainerItemProxy */;
			sourceTree = BUILT_PRODUCTS_DIR;
		};
/* End PBXReferenceProxy section */

/* Begin PBXResourcesBuildPhase section */
		1D60588D0D05DD3D006BFB54 /* Resources */ = {
			isa = PBXResourcesBuildPhase;
			buildActionMask = 2147483647;
			files = (
				302D95F214D2391D003F00A1 /* MainViewController.xib in Resources */,
				0207DA581B56EA530066E2B4 /* Images.xcassets in Resources */,
				6AFF5BF91D6E424B00AB3073 /* CDVLaunchScreen.storyboard in Resources */,
			);
			runOnlyForDeploymentPostprocessing = 0;
		};
/* End PBXResourcesBuildPhase section */

/* Begin PBXShellScriptBuildPhase section */
		304B58A110DAC018002A0835 /* Copy www directory */ = {
			isa = PBXShellScriptBuildPhase;
			buildActionMask = 2147483647;
			files = (
			);
			inputPaths = (
			);
			name = "Copy www directory";
			outputPaths = (
			);
			runOnlyForDeploymentPostprocessing = 0;
			shellPath = /bin/sh;
			shellScript = "\"$SRCROOT/Artform platform/Scripts/copy-www-build-step.sh\"";
			showEnvVarsInLog = 0;
		};
		410AE24FE363A5C79D06F15D /* [CP] Check Pods Manifest.lock */ = {
			isa = PBXShellScriptBuildPhase;
			buildActionMask = 2147483647;
			files = (
			);
			inputFileListPaths = (
			);
			inputPaths = (
				"${PODS_PODFILE_DIR_PATH}/Podfile.lock",
				"${PODS_ROOT}/Manifest.lock",
			);
			name = "[CP] Check Pods Manifest.lock";
			outputFileListPaths = (
			);
			outputPaths = (
				"$(DERIVED_FILE_DIR)/Pods-Artform platform-checkManifestLockResult.txt",
			);
			runOnlyForDeploymentPostprocessing = 0;
			shellPath = /bin/sh;
			shellScript = "diff \"${PODS_PODFILE_DIR_PATH}/Podfile.lock\" \"${PODS_ROOT}/Manifest.lock\" > /dev/null\nif [ $? != 0 ] ; then\n    # print error to STDERR\n    echo \"error: The sandbox is not in sync with the Podfile.lock. Run 'pod install' or update your CocoaPods installation.\" >&2\n    exit 1\nfi\n# This output is used by Xcode 'outputs' to avoid re-running this script phase.\necho \"SUCCESS\" > \"${SCRIPT_OUTPUT_FILE_0}\"\n";
			showEnvVarsInLog = 0;
		};
		8474EECFFAA00EB1910A29E7 /* [CP] Embed Pods Frameworks */ = {
			isa = PBXShellScriptBuildPhase;
			buildActionMask = 2147483647;
			files = (
			);
			inputPaths = (
				"${PODS_ROOT}/Target Support Files/Pods-Artform platform/Pods-Artform platform-frameworks.sh",
				"${BUILT_PRODUCTS_DIR}/Branch/Branch.framework",
				"${BUILT_PRODUCTS_DIR}/FBSDKCoreKit/FBSDKCoreKit.framework",
				"${BUILT_PRODUCTS_DIR}/FBSDKLoginKit/FBSDKLoginKit.framework",
				"${BUILT_PRODUCTS_DIR}/FBSDKShareKit/FBSDKShareKit.framework",
			);
			name = "[CP] Embed Pods Frameworks";
			outputPaths = (
				"${TARGET_BUILD_DIR}/${FRAMEWORKS_FOLDER_PATH}/Branch.framework",
				"${TARGET_BUILD_DIR}/${FRAMEWORKS_FOLDER_PATH}/FBSDKCoreKit.framework",
				"${TARGET_BUILD_DIR}/${FRAMEWORKS_FOLDER_PATH}/FBSDKLoginKit.framework",
				"${TARGET_BUILD_DIR}/${FRAMEWORKS_FOLDER_PATH}/FBSDKShareKit.framework",
			);
			runOnlyForDeploymentPostprocessing = 0;
			shellPath = /bin/sh;
			shellScript = "\"${PODS_ROOT}/Target Support Files/Pods-Artform platform/Pods-Artform platform-frameworks.sh\"\n";
			showEnvVarsInLog = 0;
		};
/* End PBXShellScriptBuildPhase section */

/* Begin PBXSourcesBuildPhase section */
		1D60588E0D05DD3D006BFB54 /* Sources */ = {
			isa = PBXSourcesBuildPhase;
			buildActionMask = 2147483647;
			files = (
				1D60589B0D05DD56006BFB54 /* main.m in Sources */,
				1D3623260D0F684500981E51 /* AppDelegate.m in Sources */,
				302D95F114D2391D003F00A1 /* MainViewController.m in Sources */,
				4F9B1D61BCB54B069C4F80D3 /* BranchSDK.m in Sources */,
				89F0C29589B841FE923C0473 /* AppDelegate+BranchSdk.m in Sources */,
				D7C2FF75DF8245B0A1E6AE96 /* CDVFile.m in Sources */,
				42FF6A756DAD40C8869FA054 /* CDVLocalFilesystem.m in Sources */,
				E65EE70343FE40378504BE48 /* CDVAssetLibraryFilesystem.m in Sources */,
				2F6855ADE1194BFFBFB71B87 /* CordovaHttpPlugin.m in Sources */,
				64BB67BC172B48E3B23C3A00 /* BinaryRequestSerializer.m in Sources */,
				48DE6ED873624471B3AC7D3F /* BinaryResponseSerializer.m in Sources */,
				4A2982B9D3B14A8383AAB68C /* TextResponseSerializer.m in Sources */,
				335FAB4F4AEF4688B1FFD34C /* TextRequestSerializer.m in Sources */,
				9FCDCBBA17314655AF08E37F /* AFHTTPSessionManager.m in Sources */,
				7BAA0A7DC1FA4705B7FDE68F /* AFNetworkReachabilityManager.m in Sources */,
				F9DB9F9D779F4BB1BFEB0AC7 /* AFSecurityPolicy.m in Sources */,
				A32DD733E84C4F0E81564347 /* AFURLRequestSerialization.m in Sources */,
				0E77F8EFA0BB47798503B07D /* AFURLResponseSerialization.m in Sources */,
				0D666B8EF38147E5B2D34880 /* AFURLSessionManager.m in Sources */,
				90A825F46F314C6E8900DB39 /* SDNetworkActivityIndicator.m in Sources */,
				19BB2336642F4B07BADEFB4C /* UIImage+CropScaleOrientation.m in Sources */,
				B40739C5F5FD4D7AB043B8DF /* CDVCamera.m in Sources */,
				3F2CC4BE86E54BB0A77820CF /* CDVJpegHeaderWriter.m in Sources */,
				1D41F1AE40FA4180B06B7A73 /* CDVDevice.m in Sources */,
				E0AAF76D1EAD432DAC330845 /* FacebookConnectPlugin.m in Sources */,
				1A6496BE100B4EA98174531A /* CDVFileTransfer.m in Sources */,
				BAE37BF9A7494B0A8D675A1F /* FilePicker.m in Sources */,
				8948CAC9BD4D41A0BDF45E6E /* CDVInAppBrowser.m in Sources */,
				B886BFDBC68A4877A35D173D /* CDVInAppBrowserOptions.m in Sources */,
				74F90A9CEC3C4065A2080934 /* CDVInAppBrowserNavigationController.m in Sources */,
				3A6F0856A142440890EC69B0 /* CDVUIInAppBrowser.m in Sources */,
				E63DA45866FF4ADBAAB39E91 /* CDVWKInAppBrowser.m in Sources */,
				DBAA04A73E054DC2BD266D30 /* CDVWKInAppBrowserUIDelegate.m in Sources */,
				9C42614B9D9C48B2AC694D9A /* CDVWKWebViewEngine.m in Sources */,
				589EE4F3C61944848D3A5F3D /* CDVWKWebViewUIDelegate.m in Sources */,
				BB0EC84CD2E944F6B513B1B7 /* CDVWKProcessPoolFactory.m in Sources */,
				9BD14345A27D42FAB645B64B /* IONAssetHandler.m in Sources */,
				CFB2893F83D649B5B9809AF0 /* CDVSplashScreen.m in Sources */,
				15A5DCDA0D1548FBBA8E4978 /* CDVViewController+SplashScreen.m in Sources */,
				72B34DD76799439C84360B9E /* UICKeyChainStore.m in Sources */,
				F75F3913A2034384B3CC1A6B /* CDVUniqueDeviceID.m in Sources */,
				03DD0200E8B043C5A22F3553 /* NSString+SSURLEncoding.m in Sources */,
				1D04B39240AD4096B2F1B675 /* SocialSharing.m in Sources */,
				13BA9391F1684DCD94FC7F6C /* OneSignalPush.m in Sources */,
			);
			runOnlyForDeploymentPostprocessing = 0;
		};
/* End PBXSourcesBuildPhase section */

/* Begin PBXTargetDependency section */
		301BF551109A68C00062928A /* PBXTargetDependency */ = {
			isa = PBXTargetDependency;
			name = CordovaLib;
			targetProxy = 301BF550109A68C00062928A /* PBXContainerItemProxy */;
		};
/* End PBXTargetDependency section */

/* Begin XCBuildConfiguration section */
		1D6058940D05DD3E006BFB54 /* Debug */ = {
			isa = XCBuildConfiguration;
			baseConfigurationReference = 3047A50F1AB8059700498E2A /* build-debug.xcconfig */;
			buildSettings = {
				ALWAYS_SEARCH_USER_PATHS = NO;
				ASSETCATALOG_COMPILER_APPICON_NAME = AppIcon;
				ASSETCATALOG_COMPILER_LAUNCHIMAGE_NAME = LaunchImage;
				CLANG_ENABLE_MODULES = YES;
				CLANG_ENABLE_OBJC_ARC = YES;
				CODE_SIGN_IDENTITY = "iPhone Distribution";
				CODE_SIGN_STYLE = Manual;
				COPY_PHASE_STRIP = NO;
				DEVELOPMENT_TEAM = 9G975UYTYP;
				GCC_DYNAMIC_NO_PIC = NO;
				GCC_OPTIMIZATION_LEVEL = 0;
				GCC_PRECOMPILE_PREFIX_HEADER = YES;
				GCC_PREFIX_HEADER = "Artform platform/Artform platform-Prefix.pch";
				GCC_THUMB_SUPPORT = NO;
				GCC_VERSION = "";
				INFOPLIST_FILE = "Artform platform/Artform platform-Info.plist";
				IPHONEOS_DEPLOYMENT_TARGET = 11.0;
				LD_RUNPATH_SEARCH_PATHS = "@executable_path/Frameworks";
				PRODUCT_BUNDLE_IDENTIFIER = io.artform.com;
				PRODUCT_NAME = "$(TARGET_NAME)";
				PROVISIONING_PROFILE_SPECIFIER = new_distriubution_artform;
				TARGETED_DEVICE_FAMILY = "1,2";
				WK_WEB_VIEW_ONLY = 1;
			};
			name = Debug;
		};
		1D6058950D05DD3E006BFB54 /* Release */ = {
			isa = XCBuildConfiguration;
			baseConfigurationReference = 3047A5101AB8059700498E2A /* build-release.xcconfig */;
			buildSettings = {
				ALWAYS_SEARCH_USER_PATHS = NO;
				ASSETCATALOG_COMPILER_APPICON_NAME = AppIcon;
				ASSETCATALOG_COMPILER_LAUNCHIMAGE_NAME = LaunchImage;
				CLANG_ENABLE_MODULES = YES;
				CLANG_ENABLE_OBJC_ARC = YES;
				CODE_SIGN_IDENTITY = "iPhone Distribution";
				CODE_SIGN_STYLE = Manual;
				COPY_PHASE_STRIP = YES;
				DEVELOPMENT_TEAM = 9G975UYTYP;
				GCC_PRECOMPILE_PREFIX_HEADER = YES;
				GCC_PREFIX_HEADER = "Artform platform/Artform platform-Prefix.pch";
				GCC_THUMB_SUPPORT = NO;
				GCC_VERSION = "";
				INFOPLIST_FILE = "Artform platform/Artform platform-Info.plist";
				IPHONEOS_DEPLOYMENT_TARGET = 11.0;
				LD_RUNPATH_SEARCH_PATHS = "@executable_path/Frameworks";
				PRODUCT_BUNDLE_IDENTIFIER = io.artform.com;
				PRODUCT_NAME = "$(TARGET_NAME)";
				PROVISIONING_PROFILE_SPECIFIER = new_distriubution_artform;
				TARGETED_DEVICE_FAMILY = "1,2";
				WK_WEB_VIEW_ONLY = 1;
			};
			name = Release;
		};
		C01FCF4F08A954540054247B /* Debug */ = {
			isa = XCBuildConfiguration;
			baseConfigurationReference = 3047A5111AB8059700498E2A /* build.xcconfig */;
			buildSettings = {
				CLANG_ENABLE_MODULES = YES;
				CLANG_ENABLE_OBJC_ARC = YES;
				CLANG_WARN_BLOCK_CAPTURE_AUTORELEASING = YES;
				CLANG_WARN_BOOL_CONVERSION = YES;
				CLANG_WARN_COMMA = YES;
				CLANG_WARN_CONSTANT_CONVERSION = YES;
				CLANG_WARN_DEPRECATED_OBJC_IMPLEMENTATIONS = YES;
				CLANG_WARN_EMPTY_BODY = YES;
				CLANG_WARN_ENUM_CONVERSION = YES;
				CLANG_WARN_INFINITE_RECURSION = YES;
				CLANG_WARN_INT_CONVERSION = YES;
				CLANG_WARN_NON_LITERAL_NULL_CONVERSION = YES;
				CLANG_WARN_OBJC_IMPLICIT_RETAIN_SELF = YES;
				CLANG_WARN_OBJC_LITERAL_CONVERSION = YES;
				CLANG_WARN_RANGE_LOOP_ANALYSIS = YES;
				CLANG_WARN_STRICT_PROTOTYPES = YES;
				CLANG_WARN_SUSPICIOUS_MOVE = YES;
				CLANG_WARN_UNREACHABLE_CODE = YES;
				CLANG_WARN__DUPLICATE_METHOD_MATCH = YES;
				ENABLE_STRICT_OBJC_MSGSEND = YES;
				ENABLE_TESTABILITY = YES;
				GCC_C_LANGUAGE_STANDARD = c99;
				GCC_NO_COMMON_BLOCKS = YES;
				GCC_THUMB_SUPPORT = NO;
				GCC_VERSION = "";
				GCC_WARN_64_TO_32_BIT_CONVERSION = YES;
				GCC_WARN_ABOUT_RETURN_TYPE = YES;
				GCC_WARN_UNDECLARED_SELECTOR = YES;
				GCC_WARN_UNINITIALIZED_AUTOS = YES;
				GCC_WARN_UNUSED_FUNCTION = YES;
				GCC_WARN_UNUSED_VARIABLE = YES;
				IPHONEOS_DEPLOYMENT_TARGET = 11.0;
				ONLY_ACTIVE_ARCH = YES;
				PRODUCT_BUNDLE_IDENTIFIER = io.artform.com;
				SDKROOT = iphoneos;
				SKIP_INSTALL = NO;
				WK_WEB_VIEW_ONLY = 1;
			};
			name = Debug;
		};
		C01FCF5008A954540054247B /* Release */ = {
			isa = XCBuildConfiguration;
			baseConfigurationReference = 3047A5111AB8059700498E2A /* build.xcconfig */;
			buildSettings = {
				CLANG_ENABLE_MODULES = YES;
				CLANG_ENABLE_OBJC_ARC = YES;
				CLANG_WARN_BLOCK_CAPTURE_AUTORELEASING = YES;
				CLANG_WARN_BOOL_CONVERSION = YES;
				CLANG_WARN_COMMA = YES;
				CLANG_WARN_CONSTANT_CONVERSION = YES;
				CLANG_WARN_DEPRECATED_OBJC_IMPLEMENTATIONS = YES;
				CLANG_WARN_EMPTY_BODY = YES;
				CLANG_WARN_ENUM_CONVERSION = YES;
				CLANG_WARN_INFINITE_RECURSION = YES;
				CLANG_WARN_INT_CONVERSION = YES;
				CLANG_WARN_NON_LITERAL_NULL_CONVERSION = YES;
				CLANG_WARN_OBJC_IMPLICIT_RETAIN_SELF = YES;
				CLANG_WARN_OBJC_LITERAL_CONVERSION = YES;
				CLANG_WARN_RANGE_LOOP_ANALYSIS = YES;
				CLANG_WARN_STRICT_PROTOTYPES = YES;
				CLANG_WARN_SUSPICIOUS_MOVE = YES;
				CLANG_WARN_UNREACHABLE_CODE = YES;
				CLANG_WARN__DUPLICATE_METHOD_MATCH = YES;
				ENABLE_STRICT_OBJC_MSGSEND = YES;
				GCC_C_LANGUAGE_STANDARD = c99;
				GCC_NO_COMMON_BLOCKS = YES;
				GCC_THUMB_SUPPORT = NO;
				GCC_VERSION = "";
				GCC_WARN_64_TO_32_BIT_CONVERSION = YES;
				GCC_WARN_ABOUT_RETURN_TYPE = YES;
				GCC_WARN_UNDECLARED_SELECTOR = YES;
				GCC_WARN_UNINITIALIZED_AUTOS = YES;
				GCC_WARN_UNUSED_FUNCTION = YES;
				GCC_WARN_UNUSED_VARIABLE = YES;
				IPHONEOS_DEPLOYMENT_TARGET = 11.0;
				PRODUCT_BUNDLE_IDENTIFIER = io.artform.com;
				SDKROOT = iphoneos;
				SKIP_INSTALL = NO;
				WK_WEB_VIEW_ONLY = 1;
			};
			name = Release;
		};
/* End XCBuildConfiguration section */

/* Begin XCConfigurationList section */
		1D6058960D05DD3E006BFB54 /* Build configuration list for PBXNativeTarget "Artform platform" */ = {
			isa = XCConfigurationList;
			buildConfigurations = (
				1D6058940D05DD3E006BFB54 /* Debug */,
				1D6058950D05DD3E006BFB54 /* Release */,
			);
			defaultConfigurationIsVisible = 0;
			defaultConfigurationName = Release;
		};
		C01FCF4E08A954540054247B /* Build configuration list for PBXProject "Artform platform" */ = {
			isa = XCConfigurationList;
			buildConfigurations = (
				C01FCF4F08A954540054247B /* Debug */,
				C01FCF5008A954540054247B /* Release */,
			);
			defaultConfigurationIsVisible = 0;
			defaultConfigurationName = Release;
		};
/* End XCConfigurationList section */
	};
	rootObject = 29B97313FDCFA39411CA2CEA /* Project object */;
}
